
Microsoft Visual Studio Solution File, Format Version 12.00
# Visual Studio Version 17
VisualStudioVersion = 17.0.31903.59
MinimumVisualStudioVersion = 10.0.40219.1
Project("{2150E333-8FDC-42A3-9474-1A3956D46DE8}") = "test", "test", "{A7503D75-64C3-4AAC-90C8-F6297B09AB70}"
EndProject
Project("{9A19103F-16F7-4668-BE54-9A1E7A4F7556}") = "Tethos.Moq", "src\Tethos.Moq\Tethos.Moq.csproj", "{5999CB86-4287-4ABE-BF37-895DC8ECA550}"
EndProject
Project("{9A19103F-16F7-4668-BE54-9A1E7A4F7556}") = "Tethos.Moq.Tests", "test\Tethos.Moq.Tests\Tethos.Moq.Tests.csproj", "{0377D2FC-16B4-40EF-BE27-8409F43E5052}"
EndProject
Project("{2150E333-8FDC-42A3-9474-1A3956D46DE8}") = "Fakes", "Fakes", "{B7C534E1-2D8F-408D-9739-DE6CD4F0A731}"
EndProject
Project("{9A19103F-16F7-4668-BE54-9A1E7A4F7556}") = "Fake.Core21", "test\Fakes\Fake.Core21\Fake.Core21.csproj", "{7DC9F32B-DA96-474A-B8D3-3DC18B3BA5A5}"
EndProject
Project("{9A19103F-16F7-4668-BE54-9A1E7A4F7556}") = "Fake.Core22", "test\Fakes\Fake.Core22\Fake.Core22.csproj", "{6CD98C2B-1DFF-4207-AF34-1B91EB75382A}"
EndProject
Project("{9A19103F-16F7-4668-BE54-9A1E7A4F7556}") = "Fake.Core30", "test\Fakes\Fake.Core30\Fake.Core30.csproj", "{9D7828D6-AEAD-43F4-AFF1-1AF1A73B28FA}"
EndProject
Project("{9A19103F-16F7-4668-BE54-9A1E7A4F7556}") = "Fake.Core31", "test\Fakes\Fake.Core31\Fake.Core31.csproj", "{48BC3E50-65D5-4007-B60B-7D023C7DA7B5}"
EndProject
Project("{9A19103F-16F7-4668-BE54-9A1E7A4F7556}") = "Fake.Framework461", "test\Fakes\Fake.Framework461\Fake.Framework461.csproj", "{870361A3-C572-42F7-A9DE-9542433195CE}"
EndProject
Project("{9A19103F-16F7-4668-BE54-9A1E7A4F7556}") = "Fake.Framework472", "test\Fakes\Fake.Framework472\Fake.Framework472.csproj", "{6D21B3EB-C141-49F1-869D-3A5CD03CA51C}"
EndProject
Project("{9A19103F-16F7-4668-BE54-9A1E7A4F7556}") = "Fake.Standard20", "test\Fakes\Fake.Standard20\Fake.Standard20.csproj", "{2282B013-E9F3-4DD6-991E-901842343F11}"
EndProject
Project("{9A19103F-16F7-4668-BE54-9A1E7A4F7556}") = "Fake.Standard21", "test\Fakes\Fake.Standard21\Fake.Standard21.csproj", "{AEDD8DEE-6F41-4498-8A3E-D1E03D1AB0EB}"
EndProject
Project("{2150E333-8FDC-42A3-9474-1A3956D46DE8}") = "img", "img", "{EB2794A8-7985-4585-B467-234351FDA055}"
	ProjectSection(SolutionItems) = preProject
		img\logo.png = img\logo.png
	EndProjectSection
EndProject
Project("{9A19103F-16F7-4668-BE54-9A1E7A4F7556}") = "Tethos", "src\Tethos\Tethos.csproj", "{37AFC534-4ACC-4378-A605-92972151B8EA}"
EndProject
Project("{9A19103F-16F7-4668-BE54-9A1E7A4F7556}") = "Tethos.Tests", "test\Tethos.Tests\Tethos.Tests.csproj", "{1056A2CC-5AA0-4992-9D59-EC85BE58DEC5}"
EndProject
Project("{9A19103F-16F7-4668-BE54-9A1E7A4F7556}") = "Tethos.Tests.Common", "test\Tethos.Tests.Common\Tethos.Tests.Common.csproj", "{CF10736C-D96F-4658-AD14-B76CE563FC5E}"
EndProject
Project("{9A19103F-16F7-4668-BE54-9A1E7A4F7556}") = "Fake.Net50", "test\Fakes\Fake.Net50\Fake.Net50.csproj", "{DFE8C150-4121-4F43-9086-BC8977A4E788}"
EndProject
Project("{2150E333-8FDC-42A3-9474-1A3956D46DE8}") = "demo", "demo", "{D99B762A-D2FA-4094-8E91-65E096FB9145}"
EndProject
Project("{2150E333-8FDC-42A3-9474-1A3956D46DE8}") = ".github", ".github", "{8DDA643A-1839-4470-A593-5EE9507FB294}"
	ProjectSection(SolutionItems) = preProject
		.github\.codecov.yml = .github\.codecov.yml
		.github\dependabot.yml = .github\dependabot.yml
	EndProjectSection
EndProject
Project("{2150E333-8FDC-42A3-9474-1A3956D46DE8}") = "workflows", "workflows", "{A4A25CC2-61ED-47F0-B91C-9CB93D90D3CC}"
	ProjectSection(SolutionItems) = preProject
		.github\workflows\ci.yml = .github\workflows\ci.yml
		.github\workflows\codeql-analysis.yml = .github\workflows\codeql-analysis.yml
		.github\workflows\nuget.yml = .github\workflows\nuget.yml
		.github\workflows\test-report.yml = .github\workflows\test-report.yml
	EndProjectSection
EndProject
Project("{2150E333-8FDC-42A3-9474-1A3956D46DE8}") = "docs", "docs", "{AF8AEBBB-412A-423A-8830-3190F48D959F}"
	ProjectSection(SolutionItems) = preProject
		LICENSE = LICENSE
		README.md = README.md
	EndProjectSection
EndProject
Project("{9A19103F-16F7-4668-BE54-9A1E7A4F7556}") = "Tethos.FakeItEasy", "src\Tethos.FakeItEasy\Tethos.FakeItEasy.csproj", "{B4CDDF27-659D-4F1B-9BBC-1C5C9CB2C878}"
EndProject
Project("{9A19103F-16F7-4668-BE54-9A1E7A4F7556}") = "Tethos.FakeItEasy.Tests", "test\Tethos.FakeItEasy.Tests\Tethos.FakeItEasy.Tests.csproj", "{BCC43AC6-33E0-4C84-8B60-B3DD2B009730}"
EndProject
Project("{2150E333-8FDC-42A3-9474-1A3956D46DE8}") = "FakeItEasy", "FakeItEasy", "{0989ED99-124E-4B9D-9C22-3C9FAA0CD3CA}"
EndProject
Project("{2150E333-8FDC-42A3-9474-1A3956D46DE8}") = "Moq", "Moq", "{27ACFD1D-C151-4377-88B7-01E466C7CFA3}"
EndProject
Project("{9A19103F-16F7-4668-BE54-9A1E7A4F7556}") = "Tethos.MSTest.Demo", "demo\Moq\Tethos.MSTest.Demo\Tethos.MSTest.Demo.csproj", "{EE0E53F1-97DF-4B71-8B27-2A76E17C48B4}"
EndProject
Project("{9A19103F-16F7-4668-BE54-9A1E7A4F7556}") = "Tethos.NUnit.Demo", "demo\Moq\Tethos.NUnit.Demo\Tethos.NUnit.Demo.csproj", "{7D951BE7-489A-4A7D-A171-0D312FC5D46F}"
EndProject
Project("{9A19103F-16F7-4668-BE54-9A1E7A4F7556}") = "Tethos.MSTest.Demo", "demo\FakeItEasy\Tethos.MSTest.Demo\Tethos.MSTest.Demo.csproj", "{F9797B11-0F5A-43DD-B3FA-3BBA9061682E}"
EndProject
Project("{9A19103F-16F7-4668-BE54-9A1E7A4F7556}") = "Tethos.NUnit.Demo", "demo\FakeItEasy\Tethos.NUnit.Demo\Tethos.NUnit.Demo.csproj", "{F48A0E60-D3FA-4280-B9B5-01E20F9011DC}"
EndProject
Project("{9A19103F-16F7-4668-BE54-9A1E7A4F7556}") = "Tethos.NSubstitute", "src\Tethos.NSubstitute\Tethos.NSubstitute.csproj", "{75CCFEB6-E4E5-44D1-8F9F-0D64E88E22BA}"
EndProject
Project("{9A19103F-16F7-4668-BE54-9A1E7A4F7556}") = "Tethos.NSubstitute.Tests", "test\Tethos.NSubstitute.Tests\Tethos.NSubstitute.Tests.csproj", "{44AD6334-B809-4E1F-A763-1C89C8BB44D1}"
EndProject
Project("{2150E333-8FDC-42A3-9474-1A3956D46DE8}") = "NSubstitute", "NSubstitute", "{0447E3FF-FB0B-4D55-9C9C-277E950BB886}"
EndProject
Project("{9A19103F-16F7-4668-BE54-9A1E7A4F7556}") = "Tethos.MSTest.Demo", "demo\NSubstitute\Tethos.MSTest.Demo\Tethos.MSTest.Demo.csproj", "{1A338F36-D517-4F5E-94D9-CED79681953C}"
EndProject
Project("{9A19103F-16F7-4668-BE54-9A1E7A4F7556}") = "Tethos.NUnit.Demo", "demo\NSubstitute\Tethos.NUnit.Demo\Tethos.NUnit.Demo.csproj", "{C5FA32C9-46E9-4ACE-95CD-597B8151542A}"
EndProject
Project("{9A19103F-16F7-4668-BE54-9A1E7A4F7556}") = "ReferencedAssemblies.Tests", "test\ReferencedAssemblies.Tests\ReferencedAssemblies.Tests.csproj", "{E8911617-3F58-465B-9F07-6B044880CD69}"
EndProject
Project("{9A19103F-16F7-4668-BE54-9A1E7A4F7556}") = "Fake.Net60", "test\Fakes\Fake.Net60\Fake.Net60.csproj", "{94561329-A126-4437-961B-57C5B1B25655}"
EndProject
Project("{2150E333-8FDC-42A3-9474-1A3956D46DE8}") = "config", "config", "{1937FC5E-15AC-4DAB-ABBD-25B9F4C96AEA}"
	ProjectSection(SolutionItems) = preProject
		.editorconfig = .editorconfig
		.gitattributes = .gitattributes
		.gitignore = .gitignore
	EndProjectSection
EndProject
Project("{9A19103F-16F7-4668-BE54-9A1E7A4F7556}") = "Tethos.Xunit.Demo", "demo\FakeItEasy\Tethos.Xunit.Demo\Tethos.Xunit.Demo.csproj", "{E2DE0ADE-07F3-4D0E-B44B-32752A244CEA}"
EndProject
Project("{9A19103F-16F7-4668-BE54-9A1E7A4F7556}") = "Tethos.Xunit.Demo", "demo\Moq\Tethos.Xunit.Demo\Tethos.Xunit.Demo.csproj", "{1E4F3B2A-2A2C-4DD9-8434-4032517D3438}"
EndProject
Project("{9A19103F-16F7-4668-BE54-9A1E7A4F7556}") = "Tethos.Xunit.Demo", "demo\NSubstitute\Tethos.Xunit.Demo\Tethos.Xunit.Demo.csproj", "{FC524F10-8764-405B-9C67-0C0D1C30FDD9}"
EndProject
Project("{9A19103F-16F7-4668-BE54-9A1E7A4F7556}") = "Tethos.Tests.Common.WeakNamed", "test\Tethos.Tests.Common.WeakNamed\Tethos.Tests.Common.WeakNamed.csproj", "{FF2FB364-07E7-479F-9E21-BCAF6D675619}"
EndProject
Global
	GlobalSection(SolutionConfigurationPlatforms) = preSolution
		Debug|Any CPU = Debug|Any CPU
		Release|Any CPU = Release|Any CPU
	EndGlobalSection
	GlobalSection(ProjectConfigurationPlatforms) = postSolution
		{5999CB86-4287-4ABE-BF37-895DC8ECA550}.Debug|Any CPU.ActiveCfg = Debug|Any CPU
		{5999CB86-4287-4ABE-BF37-895DC8ECA550}.Debug|Any CPU.Build.0 = Debug|Any CPU
		{5999CB86-4287-4ABE-BF37-895DC8ECA550}.Release|Any CPU.ActiveCfg = Release|Any CPU
		{5999CB86-4287-4ABE-BF37-895DC8ECA550}.Release|Any CPU.Build.0 = Release|Any CPU
		{0377D2FC-16B4-40EF-BE27-8409F43E5052}.Debug|Any CPU.ActiveCfg = Debug|Any CPU
		{0377D2FC-16B4-40EF-BE27-8409F43E5052}.Debug|Any CPU.Build.0 = Debug|Any CPU
		{0377D2FC-16B4-40EF-BE27-8409F43E5052}.Release|Any CPU.ActiveCfg = Release|Any CPU
		{0377D2FC-16B4-40EF-BE27-8409F43E5052}.Release|Any CPU.Build.0 = Release|Any CPU
		{7DC9F32B-DA96-474A-B8D3-3DC18B3BA5A5}.Debug|Any CPU.ActiveCfg = Debug|Any CPU
		{7DC9F32B-DA96-474A-B8D3-3DC18B3BA5A5}.Debug|Any CPU.Build.0 = Debug|Any CPU
		{7DC9F32B-DA96-474A-B8D3-3DC18B3BA5A5}.Release|Any CPU.ActiveCfg = Release|Any CPU
		{7DC9F32B-DA96-474A-B8D3-3DC18B3BA5A5}.Release|Any CPU.Build.0 = Release|Any CPU
		{6CD98C2B-1DFF-4207-AF34-1B91EB75382A}.Debug|Any CPU.ActiveCfg = Debug|Any CPU
		{6CD98C2B-1DFF-4207-AF34-1B91EB75382A}.Debug|Any CPU.Build.0 = Debug|Any CPU
		{6CD98C2B-1DFF-4207-AF34-1B91EB75382A}.Release|Any CPU.ActiveCfg = Release|Any CPU
		{6CD98C2B-1DFF-4207-AF34-1B91EB75382A}.Release|Any CPU.Build.0 = Release|Any CPU
		{9D7828D6-AEAD-43F4-AFF1-1AF1A73B28FA}.Debug|Any CPU.ActiveCfg = Debug|Any CPU
		{9D7828D6-AEAD-43F4-AFF1-1AF1A73B28FA}.Debug|Any CPU.Build.0 = Debug|Any CPU
		{9D7828D6-AEAD-43F4-AFF1-1AF1A73B28FA}.Release|Any CPU.ActiveCfg = Release|Any CPU
		{9D7828D6-AEAD-43F4-AFF1-1AF1A73B28FA}.Release|Any CPU.Build.0 = Release|Any CPU
		{48BC3E50-65D5-4007-B60B-7D023C7DA7B5}.Debug|Any CPU.ActiveCfg = Debug|Any CPU
		{48BC3E50-65D5-4007-B60B-7D023C7DA7B5}.Debug|Any CPU.Build.0 = Debug|Any CPU
		{48BC3E50-65D5-4007-B60B-7D023C7DA7B5}.Release|Any CPU.ActiveCfg = Release|Any CPU
		{48BC3E50-65D5-4007-B60B-7D023C7DA7B5}.Release|Any CPU.Build.0 = Release|Any CPU
		{870361A3-C572-42F7-A9DE-9542433195CE}.Debug|Any CPU.ActiveCfg = Debug|Any CPU
		{870361A3-C572-42F7-A9DE-9542433195CE}.Debug|Any CPU.Build.0 = Debug|Any CPU
		{870361A3-C572-42F7-A9DE-9542433195CE}.Release|Any CPU.ActiveCfg = Release|Any CPU
		{870361A3-C572-42F7-A9DE-9542433195CE}.Release|Any CPU.Build.0 = Release|Any CPU
		{6D21B3EB-C141-49F1-869D-3A5CD03CA51C}.Debug|Any CPU.ActiveCfg = Debug|Any CPU
		{6D21B3EB-C141-49F1-869D-3A5CD03CA51C}.Debug|Any CPU.Build.0 = Debug|Any CPU
		{6D21B3EB-C141-49F1-869D-3A5CD03CA51C}.Release|Any CPU.ActiveCfg = Release|Any CPU
		{6D21B3EB-C141-49F1-869D-3A5CD03CA51C}.Release|Any CPU.Build.0 = Release|Any CPU
		{2282B013-E9F3-4DD6-991E-901842343F11}.Debug|Any CPU.ActiveCfg = Debug|Any CPU
		{2282B013-E9F3-4DD6-991E-901842343F11}.Debug|Any CPU.Build.0 = Debug|Any CPU
		{2282B013-E9F3-4DD6-991E-901842343F11}.Release|Any CPU.ActiveCfg = Release|Any CPU
		{2282B013-E9F3-4DD6-991E-901842343F11}.Release|Any CPU.Build.0 = Release|Any CPU
		{AEDD8DEE-6F41-4498-8A3E-D1E03D1AB0EB}.Debug|Any CPU.ActiveCfg = Debug|Any CPU
		{AEDD8DEE-6F41-4498-8A3E-D1E03D1AB0EB}.Debug|Any CPU.Build.0 = Debug|Any CPU
		{AEDD8DEE-6F41-4498-8A3E-D1E03D1AB0EB}.Release|Any CPU.ActiveCfg = Release|Any CPU
		{AEDD8DEE-6F41-4498-8A3E-D1E03D1AB0EB}.Release|Any CPU.Build.0 = Release|Any CPU
		{37AFC534-4ACC-4378-A605-92972151B8EA}.Debug|Any CPU.ActiveCfg = Debug|Any CPU
		{37AFC534-4ACC-4378-A605-92972151B8EA}.Debug|Any CPU.Build.0 = Debug|Any CPU
		{37AFC534-4ACC-4378-A605-92972151B8EA}.Release|Any CPU.ActiveCfg = Release|Any CPU
		{37AFC534-4ACC-4378-A605-92972151B8EA}.Release|Any CPU.Build.0 = Release|Any CPU
		{1056A2CC-5AA0-4992-9D59-EC85BE58DEC5}.Debug|Any CPU.ActiveCfg = Debug|Any CPU
		{1056A2CC-5AA0-4992-9D59-EC85BE58DEC5}.Debug|Any CPU.Build.0 = Debug|Any CPU
		{1056A2CC-5AA0-4992-9D59-EC85BE58DEC5}.Release|Any CPU.ActiveCfg = Release|Any CPU
		{1056A2CC-5AA0-4992-9D59-EC85BE58DEC5}.Release|Any CPU.Build.0 = Release|Any CPU
		{CF10736C-D96F-4658-AD14-B76CE563FC5E}.Debug|Any CPU.ActiveCfg = Debug|Any CPU
		{CF10736C-D96F-4658-AD14-B76CE563FC5E}.Debug|Any CPU.Build.0 = Debug|Any CPU
		{CF10736C-D96F-4658-AD14-B76CE563FC5E}.Release|Any CPU.ActiveCfg = Release|Any CPU
		{CF10736C-D96F-4658-AD14-B76CE563FC5E}.Release|Any CPU.Build.0 = Release|Any CPU
		{DFE8C150-4121-4F43-9086-BC8977A4E788}.Debug|Any CPU.ActiveCfg = Debug|Any CPU
		{DFE8C150-4121-4F43-9086-BC8977A4E788}.Debug|Any CPU.Build.0 = Debug|Any CPU
		{DFE8C150-4121-4F43-9086-BC8977A4E788}.Release|Any CPU.ActiveCfg = Release|Any CPU
		{DFE8C150-4121-4F43-9086-BC8977A4E788}.Release|Any CPU.Build.0 = Release|Any CPU
		{B4CDDF27-659D-4F1B-9BBC-1C5C9CB2C878}.Debug|Any CPU.ActiveCfg = Debug|Any CPU
		{B4CDDF27-659D-4F1B-9BBC-1C5C9CB2C878}.Debug|Any CPU.Build.0 = Debug|Any CPU
		{B4CDDF27-659D-4F1B-9BBC-1C5C9CB2C878}.Release|Any CPU.ActiveCfg = Release|Any CPU
		{B4CDDF27-659D-4F1B-9BBC-1C5C9CB2C878}.Release|Any CPU.Build.0 = Release|Any CPU
		{BCC43AC6-33E0-4C84-8B60-B3DD2B009730}.Debug|Any CPU.ActiveCfg = Debug|Any CPU
		{BCC43AC6-33E0-4C84-8B60-B3DD2B009730}.Debug|Any CPU.Build.0 = Debug|Any CPU
		{BCC43AC6-33E0-4C84-8B60-B3DD2B009730}.Release|Any CPU.ActiveCfg = Release|Any CPU
		{BCC43AC6-33E0-4C84-8B60-B3DD2B009730}.Release|Any CPU.Build.0 = Release|Any CPU
		{EE0E53F1-97DF-4B71-8B27-2A76E17C48B4}.Debug|Any CPU.ActiveCfg = Debug|Any CPU
		{EE0E53F1-97DF-4B71-8B27-2A76E17C48B4}.Debug|Any CPU.Build.0 = Debug|Any CPU
		{EE0E53F1-97DF-4B71-8B27-2A76E17C48B4}.Release|Any CPU.ActiveCfg = Release|Any CPU
		{EE0E53F1-97DF-4B71-8B27-2A76E17C48B4}.Release|Any CPU.Build.0 = Release|Any CPU
		{7D951BE7-489A-4A7D-A171-0D312FC5D46F}.Debug|Any CPU.ActiveCfg = Debug|Any CPU
		{7D951BE7-489A-4A7D-A171-0D312FC5D46F}.Debug|Any CPU.Build.0 = Debug|Any CPU
		{7D951BE7-489A-4A7D-A171-0D312FC5D46F}.Release|Any CPU.ActiveCfg = Release|Any CPU
		{7D951BE7-489A-4A7D-A171-0D312FC5D46F}.Release|Any CPU.Build.0 = Release|Any CPU
		{F9797B11-0F5A-43DD-B3FA-3BBA9061682E}.Debug|Any CPU.ActiveCfg = Debug|Any CPU
		{F9797B11-0F5A-43DD-B3FA-3BBA9061682E}.Debug|Any CPU.Build.0 = Debug|Any CPU
		{F9797B11-0F5A-43DD-B3FA-3BBA9061682E}.Release|Any CPU.ActiveCfg = Release|Any CPU
		{F9797B11-0F5A-43DD-B3FA-3BBA9061682E}.Release|Any CPU.Build.0 = Release|Any CPU
		{F48A0E60-D3FA-4280-B9B5-01E20F9011DC}.Debug|Any CPU.ActiveCfg = Debug|Any CPU
		{F48A0E60-D3FA-4280-B9B5-01E20F9011DC}.Debug|Any CPU.Build.0 = Debug|Any CPU
		{F48A0E60-D3FA-4280-B9B5-01E20F9011DC}.Release|Any CPU.ActiveCfg = Release|Any CPU
		{F48A0E60-D3FA-4280-B9B5-01E20F9011DC}.Release|Any CPU.Build.0 = Release|Any CPU
		{75CCFEB6-E4E5-44D1-8F9F-0D64E88E22BA}.Debug|Any CPU.ActiveCfg = Debug|Any CPU
		{75CCFEB6-E4E5-44D1-8F9F-0D64E88E22BA}.Debug|Any CPU.Build.0 = Debug|Any CPU
		{75CCFEB6-E4E5-44D1-8F9F-0D64E88E22BA}.Release|Any CPU.ActiveCfg = Release|Any CPU
		{75CCFEB6-E4E5-44D1-8F9F-0D64E88E22BA}.Release|Any CPU.Build.0 = Release|Any CPU
		{44AD6334-B809-4E1F-A763-1C89C8BB44D1}.Debug|Any CPU.ActiveCfg = Debug|Any CPU
		{44AD6334-B809-4E1F-A763-1C89C8BB44D1}.Debug|Any CPU.Build.0 = Debug|Any CPU
		{44AD6334-B809-4E1F-A763-1C89C8BB44D1}.Release|Any CPU.ActiveCfg = Release|Any CPU
		{44AD6334-B809-4E1F-A763-1C89C8BB44D1}.Release|Any CPU.Build.0 = Release|Any CPU
		{1A338F36-D517-4F5E-94D9-CED79681953C}.Debug|Any CPU.ActiveCfg = Debug|Any CPU
		{1A338F36-D517-4F5E-94D9-CED79681953C}.Debug|Any CPU.Build.0 = Debug|Any CPU
		{1A338F36-D517-4F5E-94D9-CED79681953C}.Release|Any CPU.ActiveCfg = Release|Any CPU
		{1A338F36-D517-4F5E-94D9-CED79681953C}.Release|Any CPU.Build.0 = Release|Any CPU
		{C5FA32C9-46E9-4ACE-95CD-597B8151542A}.Debug|Any CPU.ActiveCfg = Debug|Any CPU
		{C5FA32C9-46E9-4ACE-95CD-597B8151542A}.Debug|Any CPU.Build.0 = Debug|Any CPU
		{C5FA32C9-46E9-4ACE-95CD-597B8151542A}.Release|Any CPU.ActiveCfg = Release|Any CPU
		{C5FA32C9-46E9-4ACE-95CD-597B8151542A}.Release|Any CPU.Build.0 = Release|Any CPU
		{E8911617-3F58-465B-9F07-6B044880CD69}.Debug|Any CPU.ActiveCfg = Debug|Any CPU
		{E8911617-3F58-465B-9F07-6B044880CD69}.Debug|Any CPU.Build.0 = Debug|Any CPU
		{E8911617-3F58-465B-9F07-6B044880CD69}.Release|Any CPU.ActiveCfg = Release|Any CPU
		{E8911617-3F58-465B-9F07-6B044880CD69}.Release|Any CPU.Build.0 = Release|Any CPU
		{94561329-A126-4437-961B-57C5B1B25655}.Debug|Any CPU.ActiveCfg = Debug|Any CPU
		{94561329-A126-4437-961B-57C5B1B25655}.Debug|Any CPU.Build.0 = Debug|Any CPU
		{94561329-A126-4437-961B-57C5B1B25655}.Release|Any CPU.ActiveCfg = Release|Any CPU
		{94561329-A126-4437-961B-57C5B1B25655}.Release|Any CPU.Build.0 = Release|Any CPU
		{E2DE0ADE-07F3-4D0E-B44B-32752A244CEA}.Debug|Any CPU.ActiveCfg = Debug|Any CPU
		{E2DE0ADE-07F3-4D0E-B44B-32752A244CEA}.Debug|Any CPU.Build.0 = Debug|Any CPU
		{E2DE0ADE-07F3-4D0E-B44B-32752A244CEA}.Release|Any CPU.ActiveCfg = Release|Any CPU
		{E2DE0ADE-07F3-4D0E-B44B-32752A244CEA}.Release|Any CPU.Build.0 = Release|Any CPU
		{1E4F3B2A-2A2C-4DD9-8434-4032517D3438}.Debug|Any CPU.ActiveCfg = Debug|Any CPU
		{1E4F3B2A-2A2C-4DD9-8434-4032517D3438}.Debug|Any CPU.Build.0 = Debug|Any CPU
		{1E4F3B2A-2A2C-4DD9-8434-4032517D3438}.Release|Any CPU.ActiveCfg = Release|Any CPU
		{1E4F3B2A-2A2C-4DD9-8434-4032517D3438}.Release|Any CPU.Build.0 = Release|Any CPU
		{FC524F10-8764-405B-9C67-0C0D1C30FDD9}.Debug|Any CPU.ActiveCfg = Debug|Any CPU
		{FC524F10-8764-405B-9C67-0C0D1C30FDD9}.Debug|Any CPU.Build.0 = Debug|Any CPU
		{FC524F10-8764-405B-9C67-0C0D1C30FDD9}.Release|Any CPU.ActiveCfg = Release|Any CPU
		{FC524F10-8764-405B-9C67-0C0D1C30FDD9}.Release|Any CPU.Build.0 = Release|Any CPU
		{FF2FB364-07E7-479F-9E21-BCAF6D675619}.Debug|Any CPU.ActiveCfg = Debug|Any CPU
		{FF2FB364-07E7-479F-9E21-BCAF6D675619}.Debug|Any CPU.Build.0 = Debug|Any CPU
		{FF2FB364-07E7-479F-9E21-BCAF6D675619}.Release|Any CPU.ActiveCfg = Release|Any CPU
		{FF2FB364-07E7-479F-9E21-BCAF6D675619}.Release|Any CPU.Build.0 = Release|Any CPU
	EndGlobalSection
	GlobalSection(SolutionProperties) = preSolution
		HideSolutionNode = FALSE
	EndGlobalSection
	GlobalSection(NestedProjects) = preSolution
		{0377D2FC-16B4-40EF-BE27-8409F43E5052} = {A7503D75-64C3-4AAC-90C8-F6297B09AB70}
		{B7C534E1-2D8F-408D-9739-DE6CD4F0A731} = {A7503D75-64C3-4AAC-90C8-F6297B09AB70}
		{7DC9F32B-DA96-474A-B8D3-3DC18B3BA5A5} = {B7C534E1-2D8F-408D-9739-DE6CD4F0A731}
		{6CD98C2B-1DFF-4207-AF34-1B91EB75382A} = {B7C534E1-2D8F-408D-9739-DE6CD4F0A731}
		{9D7828D6-AEAD-43F4-AFF1-1AF1A73B28FA} = {B7C534E1-2D8F-408D-9739-DE6CD4F0A731}
		{48BC3E50-65D5-4007-B60B-7D023C7DA7B5} = {B7C534E1-2D8F-408D-9739-DE6CD4F0A731}
		{870361A3-C572-42F7-A9DE-9542433195CE} = {B7C534E1-2D8F-408D-9739-DE6CD4F0A731}
		{6D21B3EB-C141-49F1-869D-3A5CD03CA51C} = {B7C534E1-2D8F-408D-9739-DE6CD4F0A731}
		{2282B013-E9F3-4DD6-991E-901842343F11} = {B7C534E1-2D8F-408D-9739-DE6CD4F0A731}
		{AEDD8DEE-6F41-4498-8A3E-D1E03D1AB0EB} = {B7C534E1-2D8F-408D-9739-DE6CD4F0A731}
		{1056A2CC-5AA0-4992-9D59-EC85BE58DEC5} = {A7503D75-64C3-4AAC-90C8-F6297B09AB70}
		{CF10736C-D96F-4658-AD14-B76CE563FC5E} = {A7503D75-64C3-4AAC-90C8-F6297B09AB70}
		{DFE8C150-4121-4F43-9086-BC8977A4E788} = {B7C534E1-2D8F-408D-9739-DE6CD4F0A731}
		{A4A25CC2-61ED-47F0-B91C-9CB93D90D3CC} = {8DDA643A-1839-4470-A593-5EE9507FB294}
		{BCC43AC6-33E0-4C84-8B60-B3DD2B009730} = {A7503D75-64C3-4AAC-90C8-F6297B09AB70}
		{0989ED99-124E-4B9D-9C22-3C9FAA0CD3CA} = {D99B762A-D2FA-4094-8E91-65E096FB9145}
		{27ACFD1D-C151-4377-88B7-01E466C7CFA3} = {D99B762A-D2FA-4094-8E91-65E096FB9145}
		{EE0E53F1-97DF-4B71-8B27-2A76E17C48B4} = {27ACFD1D-C151-4377-88B7-01E466C7CFA3}
		{7D951BE7-489A-4A7D-A171-0D312FC5D46F} = {27ACFD1D-C151-4377-88B7-01E466C7CFA3}
		{F9797B11-0F5A-43DD-B3FA-3BBA9061682E} = {0989ED99-124E-4B9D-9C22-3C9FAA0CD3CA}
		{F48A0E60-D3FA-4280-B9B5-01E20F9011DC} = {0989ED99-124E-4B9D-9C22-3C9FAA0CD3CA}
		{44AD6334-B809-4E1F-A763-1C89C8BB44D1} = {A7503D75-64C3-4AAC-90C8-F6297B09AB70}
		{0447E3FF-FB0B-4D55-9C9C-277E950BB886} = {D99B762A-D2FA-4094-8E91-65E096FB9145}
		{1A338F36-D517-4F5E-94D9-CED79681953C} = {0447E3FF-FB0B-4D55-9C9C-277E950BB886}
		{C5FA32C9-46E9-4ACE-95CD-597B8151542A} = {0447E3FF-FB0B-4D55-9C9C-277E950BB886}
		{E8911617-3F58-465B-9F07-6B044880CD69} = {A7503D75-64C3-4AAC-90C8-F6297B09AB70}
		{94561329-A126-4437-961B-57C5B1B25655} = {B7C534E1-2D8F-408D-9739-DE6CD4F0A731}
		{E2DE0ADE-07F3-4D0E-B44B-32752A244CEA} = {0989ED99-124E-4B9D-9C22-3C9FAA0CD3CA}
		{1E4F3B2A-2A2C-4DD9-8434-4032517D3438} = {27ACFD1D-C151-4377-88B7-01E466C7CFA3}
		{FC524F10-8764-405B-9C67-0C0D1C30FDD9} = {0447E3FF-FB0B-4D55-9C9C-277E950BB886}
		{FF2FB364-07E7-479F-9E21-BCAF6D675619} = {A7503D75-64C3-4AAC-90C8-F6297B09AB70}
	EndGlobalSection
	GlobalSection(ExtensibilityGlobals) = postSolution
		SolutionGuid = {AF888DCC-71E7-4562-AA35-5B93FD8DD252}
	EndGlobalSection
EndGlobal
