
Microsoft Visual Studio Solution File, Format Version 12.00
# Visual Studio Version 17
VisualStudioVersion = 17.0.31912.275
MinimumVisualStudioVersion = 10.0.40219.1
Project("{2150E333-8FDC-42A3-9474-1A3956D46DE8}") = "test", "test", "{A7503D75-64C3-4AAC-90C8-F6297B09AB70}"
EndProject
Project("{9A19103F-16F7-4668-BE54-9A1E7A4F7556}") = "Tethos.Moq", "src\Tethos.Moq\Tethos.Moq.csproj", "{5999CB86-4287-4ABE-BF37-895DC8ECA550}"
EndProject
Project("{9A19103F-16F7-4668-BE54-9A1E7A4F7556}") = "Tethos.Moq.Tests", "test\Tethos.Moq.Tests\Tethos.Moq.Tests.csproj", "{0377D2FC-16B4-40EF-BE27-8409F43E5052}"
EndProject
Project("{2150E333-8FDC-42A3-9474-1A3956D46DE8}") = "Fakes", "Fakes", "{B7C534E1-2D8F-408D-9739-DE6CD4F0A731}"
EndProject
Project("{9A19103F-16F7-4668-BE54-9A1E7A4F7556}") = "Fake.Core21", "test\Fakes\Fake.Core21\Fake.Core21.csproj", "{7DC9F32B-DA96-474A-B8D3-3DC18B3BA5A5}"
EndProject
Project("{9A19103F-16F7-4668-BE54-9A1E7A4F7556}") = "Fake.Core22", "test\Fakes\Fake.Core22\Fake.Core22.csproj", "{6CD98C2B-1DFF-4207-AF34-1B91EB75382A}"
EndProject
Project("{9A19103F-16F7-4668-BE54-9A1E7A4F7556}") = "Fake.Core30", "test\Fakes\Fake.Core30\Fake.Core30.csproj", "{9D7828D6-AEAD-43F4-AFF1-1AF1A73B28FA}"
EndProject
Project("{9A19103F-16F7-4668-BE54-9A1E7A4F7556}") = "Fake.Core31", "test\Fakes\Fake.Core31\Fake.Core31.csproj", "{48BC3E50-65D5-4007-B60B-7D023C7DA7B5}"
EndProject
Project("{9A19103F-16F7-4668-BE54-9A1E7A4F7556}") = "Fake.Framework461", "test\Fakes\Fake.Framework461\Fake.Framework461.csproj", "{870361A3-C572-42F7-A9DE-9542433195CE}"
EndProject
Project("{9A19103F-16F7-4668-BE54-9A1E7A4F7556}") = "Fake.Framework472", "test\Fakes\Fake.Framework472\Fake.Framework472.csproj", "{6D21B3EB-C141-49F1-869D-3A5CD03CA51C}"
EndProject
Project("{9A19103F-16F7-4668-BE54-9A1E7A4F7556}") = "Fake.Standard20", "test\Fakes\Fake.Standard20\Fake.Standard20.csproj", "{2282B013-E9F3-4DD6-991E-901842343F11}"
EndProject
Project("{9A19103F-16F7-4668-BE54-9A1E7A4F7556}") = "Fake.Standard21", "test\Fakes\Fake.Standard21\Fake.Standard21.csproj", "{AEDD8DEE-6F41-4498-8A3E-D1E03D1AB0EB}"
EndProject
Project("{2150E333-8FDC-42A3-9474-1A3956D46DE8}") = "img", "img", "{EB2794A8-7985-4585-B467-234351FDA055}"
	ProjectSection(SolutionItems) = preProject
		img\logo.png = img\logo.png
	EndProjectSection
EndProject
Project("{9A19103F-16F7-4668-BE54-9A1E7A4F7556}") = "Tethos", "src\Tethos\Tethos.csproj", "{37AFC534-4ACC-4378-A605-92972151B8EA}"
EndProject
Project("{9A19103F-16F7-4668-BE54-9A1E7A4F7556}") = "Tethos.Tests", "test\Tethos.Tests\Tethos.Tests.csproj", "{1056A2CC-5AA0-4992-9D59-EC85BE58DEC5}"
EndProject
Project("{9A19103F-16F7-4668-BE54-9A1E7A4F7556}") = "Tethos.Tests.Common", "test\Tethos.Tests.Common\Tethos.Tests.Common.csproj", "{CF10736C-D96F-4658-AD14-B76CE563FC5E}"
EndProject
Project("{9A19103F-16F7-4668-BE54-9A1E7A4F7556}") = "Fake.Net50", "test\Fakes\Fake.Net50\Fake.Net50.csproj", "{DFE8C150-4121-4F43-9086-BC8977A4E788}"
EndProject
Project("{2150E333-8FDC-42A3-9474-1A3956D46DE8}") = "demo", "demo", "{D99B762A-D2FA-4094-8E91-65E096FB9145}"
EndProject
Project("{2150E333-8FDC-42A3-9474-1A3956D46DE8}") = ".github", ".github", "{8DDA643A-1839-4470-A593-5EE9507FB294}"
	ProjectSection(SolutionItems) = preProject
		.github\.codecov.yml = .github\.codecov.yml
		.github\config.yml = .github\config.yml
		.github\dependabot.yml = .github\dependabot.yml
	EndProjectSection
EndProject
Project("{2150E333-8FDC-42A3-9474-1A3956D46DE8}") = "workflows", "workflows", "{A4A25CC2-61ED-47F0-B91C-9CB93D90D3CC}"
	ProjectSection(SolutionItems) = preProject
		.github\workflows\ci.yml = .github\workflows\ci.yml
		.github\workflows\codeql-analysis.yml = .github\workflows\codeql-analysis.yml
		.github\workflows\nuget.yml = .github\workflows\nuget.yml
		.github\workflows\test-report.yml = .github\workflows\test-report.yml
	EndProjectSection
EndProject
Project("{2150E333-8FDC-42A3-9474-1A3956D46DE8}") = "docs", "docs", "{AF8AEBBB-412A-423A-8830-3190F48D959F}"
	ProjectSection(SolutionItems) = preProject
		LICENSE = LICENSE
		README.md = README.md
	EndProjectSection
EndProject
Project("{9A19103F-16F7-4668-BE54-9A1E7A4F7556}") = "Tethos.MSTest.Demo", "demo\Moq\Tethos.MSTest.Demo\Tethos.MSTest.Demo.csproj", "{EE0E53F1-97DF-4B71-8B27-2A76E17C48B4}"
EndProject
Project("{9A19103F-16F7-4668-BE54-9A1E7A4F7556}") = "Tethos.NUnit.Demo", "demo\Moq\Tethos.NUnit.Demo\Tethos.NUnit.Demo.csproj", "{7D951BE7-489A-4A7D-A171-0D312FC5D46F}"
EndProject
Project("{9A19103F-16F7-4668-BE54-9A1E7A4F7556}") = "Tethos.xUnit.Demo", "demo\Moq\Tethos.xUnit.Demo\Tethos.xUnit.Demo.csproj", "{419D5F58-693B-4FBC-B367-B4FAB1E06F72}"
EndProject
Project("{2150E333-8FDC-42A3-9474-1A3956D46DE8}") = "config", "config", "{829A9ABF-8720-41A2-9277-BBAC476B3CF6}"
	ProjectSection(SolutionItems) = preProject
		.editorconfig = .editorconfig
		.gitattributes = .gitattributes
		.gitignore = .gitignore
	EndProjectSection
EndProject
Project("{9A19103F-16F7-4668-BE54-9A1E7A4F7556}") = "Fake.Net60", "test\Fakes\Fake.Net60\Fake.Net60.csproj", "{6C4370E6-0A60-412C-8D88-6C9268575B1C}"
EndProject
Project("{9A19103F-16F7-4668-BE54-9A1E7A4F7556}") = "ReferencedAssemblies.Tests", "test\ReferencedAssemblies.Tests\ReferencedAssemblies.Tests.csproj", "{EBC65188-1BD4-4B51-8FBE-1FA528F28B18}"
EndProject
Project("{2150E333-8FDC-42A3-9474-1A3956D46DE8}") = "EndToEnd", "EndToEnd", "{81E9AC8F-452A-41A8-A74A-C8D319D6AA1D}"
EndProject
Project("{9A19103F-16F7-4668-BE54-9A1E7A4F7556}") = "Tethos.Moq.MSTest.EndToEnd", "test\EndToEnd\Moq\Tethos.Moq.MSTest.EndToEnd\Tethos.Moq.MSTest.EndToEnd.csproj", "{2CD94F64-DC02-4152-B753-F673039981B9}"
EndProject
Project("{9A19103F-16F7-4668-BE54-9A1E7A4F7556}") = "Tethos.Moq.NUnit.EndToEnd", "test\EndToEnd\Moq\Tethos.Moq.NUnit.EndToEnd\Tethos.Moq.NUnit.EndToEnd.csproj", "{A45CE140-929B-4F55-B4E2-3DD5B68347E6}"
EndProject
Project("{9A19103F-16F7-4668-BE54-9A1E7A4F7556}") = "Tethos.Moq.Xunit.EndToEnd", "test\EndToEnd\Moq\Tethos.Moq.Xunit.EndToEnd\Tethos.Moq.Xunit.EndToEnd.csproj", "{48CFC8FC-C8CF-45D7-956A-B36074C2D04B}"
EndProject
Project("{2150E333-8FDC-42A3-9474-1A3956D46DE8}") = "actions", "actions", "{2900FFB0-E89C-40F6-BC58-0DD90605260C}"
EndProject
Project("{2150E333-8FDC-42A3-9474-1A3956D46DE8}") = "spelling", "spelling", "{9B07974D-6312-48EA-93E1-0A1DF896B46C}"
	ProjectSection(SolutionItems) = preProject
		.github\actions\spelling\allow.txt = .github\actions\spelling\allow.txt
		.github\actions\spelling\excludes.txt = .github\actions\spelling\excludes.txt
		.github\actions\spelling\patterns.txt = .github\actions\spelling\patterns.txt
	EndProjectSection
EndProject
Global
	GlobalSection(SolutionConfigurationPlatforms) = preSolution
		Debug|Any CPU = Debug|Any CPU
		Release|Any CPU = Release|Any CPU
	EndGlobalSection
	GlobalSection(ProjectConfigurationPlatforms) = postSolution
		{5999CB86-4287-4ABE-BF37-895DC8ECA550}.Debug|Any CPU.ActiveCfg = Debug|Any CPU
		{5999CB86-4287-4ABE-BF37-895DC8ECA550}.Debug|Any CPU.Build.0 = Debug|Any CPU
		{5999CB86-4287-4ABE-BF37-895DC8ECA550}.Release|Any CPU.ActiveCfg = Release|Any CPU
		{5999CB86-4287-4ABE-BF37-895DC8ECA550}.Release|Any CPU.Build.0 = Release|Any CPU
		{0377D2FC-16B4-40EF-BE27-8409F43E5052}.Debug|Any CPU.ActiveCfg = Debug|Any CPU
		{0377D2FC-16B4-40EF-BE27-8409F43E5052}.Debug|Any CPU.Build.0 = Debug|Any CPU
		{0377D2FC-16B4-40EF-BE27-8409F43E5052}.Release|Any CPU.ActiveCfg = Release|Any CPU
		{0377D2FC-16B4-40EF-BE27-8409F43E5052}.Release|Any CPU.Build.0 = Release|Any CPU
		{7DC9F32B-DA96-474A-B8D3-3DC18B3BA5A5}.Debug|Any CPU.ActiveCfg = Debug|Any CPU
		{7DC9F32B-DA96-474A-B8D3-3DC18B3BA5A5}.Debug|Any CPU.Build.0 = Debug|Any CPU
		{7DC9F32B-DA96-474A-B8D3-3DC18B3BA5A5}.Release|Any CPU.ActiveCfg = Release|Any CPU
		{7DC9F32B-DA96-474A-B8D3-3DC18B3BA5A5}.Release|Any CPU.Build.0 = Release|Any CPU
		{6CD98C2B-1DFF-4207-AF34-1B91EB75382A}.Debug|Any CPU.ActiveCfg = Debug|Any CPU
		{6CD98C2B-1DFF-4207-AF34-1B91EB75382A}.Debug|Any CPU.Build.0 = Debug|Any CPU
		{6CD98C2B-1DFF-4207-AF34-1B91EB75382A}.Release|Any CPU.ActiveCfg = Release|Any CPU
		{6CD98C2B-1DFF-4207-AF34-1B91EB75382A}.Release|Any CPU.Build.0 = Release|Any CPU
		{9D7828D6-AEAD-43F4-AFF1-1AF1A73B28FA}.Debug|Any CPU.ActiveCfg = Debug|Any CPU
		{9D7828D6-AEAD-43F4-AFF1-1AF1A73B28FA}.Debug|Any CPU.Build.0 = Debug|Any CPU
		{9D7828D6-AEAD-43F4-AFF1-1AF1A73B28FA}.Release|Any CPU.ActiveCfg = Release|Any CPU
		{9D7828D6-AEAD-43F4-AFF1-1AF1A73B28FA}.Release|Any CPU.Build.0 = Release|Any CPU
		{48BC3E50-65D5-4007-B60B-7D023C7DA7B5}.Debug|Any CPU.ActiveCfg = Debug|Any CPU
		{48BC3E50-65D5-4007-B60B-7D023C7DA7B5}.Debug|Any CPU.Build.0 = Debug|Any CPU
		{48BC3E50-65D5-4007-B60B-7D023C7DA7B5}.Release|Any CPU.ActiveCfg = Release|Any CPU
		{48BC3E50-65D5-4007-B60B-7D023C7DA7B5}.Release|Any CPU.Build.0 = Release|Any CPU
		{870361A3-C572-42F7-A9DE-9542433195CE}.Debug|Any CPU.ActiveCfg = Debug|Any CPU
		{870361A3-C572-42F7-A9DE-9542433195CE}.Debug|Any CPU.Build.0 = Debug|Any CPU
		{870361A3-C572-42F7-A9DE-9542433195CE}.Release|Any CPU.ActiveCfg = Release|Any CPU
		{870361A3-C572-42F7-A9DE-9542433195CE}.Release|Any CPU.Build.0 = Release|Any CPU
		{6D21B3EB-C141-49F1-869D-3A5CD03CA51C}.Debug|Any CPU.ActiveCfg = Debug|Any CPU
		{6D21B3EB-C141-49F1-869D-3A5CD03CA51C}.Debug|Any CPU.Build.0 = Debug|Any CPU
		{6D21B3EB-C141-49F1-869D-3A5CD03CA51C}.Release|Any CPU.ActiveCfg = Release|Any CPU
		{6D21B3EB-C141-49F1-869D-3A5CD03CA51C}.Release|Any CPU.Build.0 = Release|Any CPU
		{2282B013-E9F3-4DD6-991E-901842343F11}.Debug|Any CPU.ActiveCfg = Debug|Any CPU
		{2282B013-E9F3-4DD6-991E-901842343F11}.Debug|Any CPU.Build.0 = Debug|Any CPU
		{2282B013-E9F3-4DD6-991E-901842343F11}.Release|Any CPU.ActiveCfg = Release|Any CPU
		{2282B013-E9F3-4DD6-991E-901842343F11}.Release|Any CPU.Build.0 = Release|Any CPU
		{AEDD8DEE-6F41-4498-8A3E-D1E03D1AB0EB}.Debug|Any CPU.ActiveCfg = Debug|Any CPU
		{AEDD8DEE-6F41-4498-8A3E-D1E03D1AB0EB}.Debug|Any CPU.Build.0 = Debug|Any CPU
		{AEDD8DEE-6F41-4498-8A3E-D1E03D1AB0EB}.Release|Any CPU.ActiveCfg = Release|Any CPU
		{AEDD8DEE-6F41-4498-8A3E-D1E03D1AB0EB}.Release|Any CPU.Build.0 = Release|Any CPU
		{37AFC534-4ACC-4378-A605-92972151B8EA}.Debug|Any CPU.ActiveCfg = Debug|Any CPU
		{37AFC534-4ACC-4378-A605-92972151B8EA}.Debug|Any CPU.Build.0 = Debug|Any CPU
		{37AFC534-4ACC-4378-A605-92972151B8EA}.Release|Any CPU.ActiveCfg = Release|Any CPU
		{37AFC534-4ACC-4378-A605-92972151B8EA}.Release|Any CPU.Build.0 = Release|Any CPU
		{1056A2CC-5AA0-4992-9D59-EC85BE58DEC5}.Debug|Any CPU.ActiveCfg = Debug|Any CPU
		{1056A2CC-5AA0-4992-9D59-EC85BE58DEC5}.Debug|Any CPU.Build.0 = Debug|Any CPU
		{1056A2CC-5AA0-4992-9D59-EC85BE58DEC5}.Release|Any CPU.ActiveCfg = Release|Any CPU
		{1056A2CC-5AA0-4992-9D59-EC85BE58DEC5}.Release|Any CPU.Build.0 = Release|Any CPU
		{CF10736C-D96F-4658-AD14-B76CE563FC5E}.Debug|Any CPU.ActiveCfg = Debug|Any CPU
		{CF10736C-D96F-4658-AD14-B76CE563FC5E}.Debug|Any CPU.Build.0 = Debug|Any CPU
		{CF10736C-D96F-4658-AD14-B76CE563FC5E}.Release|Any CPU.ActiveCfg = Release|Any CPU
		{CF10736C-D96F-4658-AD14-B76CE563FC5E}.Release|Any CPU.Build.0 = Release|Any CPU
		{DFE8C150-4121-4F43-9086-BC8977A4E788}.Debug|Any CPU.ActiveCfg = Debug|Any CPU
		{DFE8C150-4121-4F43-9086-BC8977A4E788}.Debug|Any CPU.Build.0 = Debug|Any CPU
		{DFE8C150-4121-4F43-9086-BC8977A4E788}.Release|Any CPU.ActiveCfg = Release|Any CPU
		{DFE8C150-4121-4F43-9086-BC8977A4E788}.Release|Any CPU.Build.0 = Release|Any CPU
		{EE0E53F1-97DF-4B71-8B27-2A76E17C48B4}.Debug|Any CPU.ActiveCfg = Debug|Any CPU
		{EE0E53F1-97DF-4B71-8B27-2A76E17C48B4}.Debug|Any CPU.Build.0 = Debug|Any CPU
		{EE0E53F1-97DF-4B71-8B27-2A76E17C48B4}.Release|Any CPU.ActiveCfg = Release|Any CPU
		{EE0E53F1-97DF-4B71-8B27-2A76E17C48B4}.Release|Any CPU.Build.0 = Release|Any CPU
		{7D951BE7-489A-4A7D-A171-0D312FC5D46F}.Debug|Any CPU.ActiveCfg = Debug|Any CPU
		{7D951BE7-489A-4A7D-A171-0D312FC5D46F}.Debug|Any CPU.Build.0 = Debug|Any CPU
		{7D951BE7-489A-4A7D-A171-0D312FC5D46F}.Release|Any CPU.ActiveCfg = Release|Any CPU
		{7D951BE7-489A-4A7D-A171-0D312FC5D46F}.Release|Any CPU.Build.0 = Release|Any CPU
		{419D5F58-693B-4FBC-B367-B4FAB1E06F72}.Debug|Any CPU.ActiveCfg = Debug|Any CPU
		{419D5F58-693B-4FBC-B367-B4FAB1E06F72}.Debug|Any CPU.Build.0 = Debug|Any CPU
		{419D5F58-693B-4FBC-B367-B4FAB1E06F72}.Release|Any CPU.ActiveCfg = Release|Any CPU
		{419D5F58-693B-4FBC-B367-B4FAB1E06F72}.Release|Any CPU.Build.0 = Release|Any CPU
		{6C4370E6-0A60-412C-8D88-6C9268575B1C}.Debug|Any CPU.ActiveCfg = Debug|Any CPU
		{6C4370E6-0A60-412C-8D88-6C9268575B1C}.Debug|Any CPU.Build.0 = Debug|Any CPU
		{6C4370E6-0A60-412C-8D88-6C9268575B1C}.Release|Any CPU.ActiveCfg = Release|Any CPU
		{6C4370E6-0A60-412C-8D88-6C9268575B1C}.Release|Any CPU.Build.0 = Release|Any CPU
		{EBC65188-1BD4-4B51-8FBE-1FA528F28B18}.Debug|Any CPU.ActiveCfg = Debug|Any CPU
		{EBC65188-1BD4-4B51-8FBE-1FA528F28B18}.Debug|Any CPU.Build.0 = Debug|Any CPU
		{EBC65188-1BD4-4B51-8FBE-1FA528F28B18}.Release|Any CPU.ActiveCfg = Release|Any CPU
		{EBC65188-1BD4-4B51-8FBE-1FA528F28B18}.Release|Any CPU.Build.0 = Release|Any CPU
		{2CD94F64-DC02-4152-B753-F673039981B9}.Debug|Any CPU.ActiveCfg = Debug|Any CPU
		{2CD94F64-DC02-4152-B753-F673039981B9}.Debug|Any CPU.Build.0 = Debug|Any CPU
		{2CD94F64-DC02-4152-B753-F673039981B9}.Release|Any CPU.ActiveCfg = Release|Any CPU
		{2CD94F64-DC02-4152-B753-F673039981B9}.Release|Any CPU.Build.0 = Release|Any CPU
		{A45CE140-929B-4F55-B4E2-3DD5B68347E6}.Debug|Any CPU.ActiveCfg = Debug|Any CPU
		{A45CE140-929B-4F55-B4E2-3DD5B68347E6}.Debug|Any CPU.Build.0 = Debug|Any CPU
		{A45CE140-929B-4F55-B4E2-3DD5B68347E6}.Release|Any CPU.ActiveCfg = Release|Any CPU
		{A45CE140-929B-4F55-B4E2-3DD5B68347E6}.Release|Any CPU.Build.0 = Release|Any CPU
		{48CFC8FC-C8CF-45D7-956A-B36074C2D04B}.Debug|Any CPU.ActiveCfg = Debug|Any CPU
		{48CFC8FC-C8CF-45D7-956A-B36074C2D04B}.Debug|Any CPU.Build.0 = Debug|Any CPU
		{48CFC8FC-C8CF-45D7-956A-B36074C2D04B}.Release|Any CPU.ActiveCfg = Release|Any CPU
		{48CFC8FC-C8CF-45D7-956A-B36074C2D04B}.Release|Any CPU.Build.0 = Release|Any CPU
	EndGlobalSection
	GlobalSection(SolutionProperties) = preSolution
		HideSolutionNode = FALSE
	EndGlobalSection
	GlobalSection(NestedProjects) = preSolution
		{0377D2FC-16B4-40EF-BE27-8409F43E5052} = {A7503D75-64C3-4AAC-90C8-F6297B09AB70}
		{B7C534E1-2D8F-408D-9739-DE6CD4F0A731} = {A7503D75-64C3-4AAC-90C8-F6297B09AB70}
		{7DC9F32B-DA96-474A-B8D3-3DC18B3BA5A5} = {B7C534E1-2D8F-408D-9739-DE6CD4F0A731}
		{6CD98C2B-1DFF-4207-AF34-1B91EB75382A} = {B7C534E1-2D8F-408D-9739-DE6CD4F0A731}
		{9D7828D6-AEAD-43F4-AFF1-1AF1A73B28FA} = {B7C534E1-2D8F-408D-9739-DE6CD4F0A731}
		{48BC3E50-65D5-4007-B60B-7D023C7DA7B5} = {B7C534E1-2D8F-408D-9739-DE6CD4F0A731}
		{870361A3-C572-42F7-A9DE-9542433195CE} = {B7C534E1-2D8F-408D-9739-DE6CD4F0A731}
		{6D21B3EB-C141-49F1-869D-3A5CD03CA51C} = {B7C534E1-2D8F-408D-9739-DE6CD4F0A731}
		{2282B013-E9F3-4DD6-991E-901842343F11} = {B7C534E1-2D8F-408D-9739-DE6CD4F0A731}
		{AEDD8DEE-6F41-4498-8A3E-D1E03D1AB0EB} = {B7C534E1-2D8F-408D-9739-DE6CD4F0A731}
		{1056A2CC-5AA0-4992-9D59-EC85BE58DEC5} = {A7503D75-64C3-4AAC-90C8-F6297B09AB70}
		{CF10736C-D96F-4658-AD14-B76CE563FC5E} = {A7503D75-64C3-4AAC-90C8-F6297B09AB70}
		{DFE8C150-4121-4F43-9086-BC8977A4E788} = {B7C534E1-2D8F-408D-9739-DE6CD4F0A731}
		{A4A25CC2-61ED-47F0-B91C-9CB93D90D3CC} = {8DDA643A-1839-4470-A593-5EE9507FB294}
		{EE0E53F1-97DF-4B71-8B27-2A76E17C48B4} = {D99B762A-D2FA-4094-8E91-65E096FB9145}
		{7D951BE7-489A-4A7D-A171-0D312FC5D46F} = {D99B762A-D2FA-4094-8E91-65E096FB9145}
		{419D5F58-693B-4FBC-B367-B4FAB1E06F72} = {D99B762A-D2FA-4094-8E91-65E096FB9145}
		{6C4370E6-0A60-412C-8D88-6C9268575B1C} = {B7C534E1-2D8F-408D-9739-DE6CD4F0A731}
		{EBC65188-1BD4-4B51-8FBE-1FA528F28B18} = {A7503D75-64C3-4AAC-90C8-F6297B09AB70}
		{81E9AC8F-452A-41A8-A74A-C8D319D6AA1D} = {A7503D75-64C3-4AAC-90C8-F6297B09AB70}
		{2CD94F64-DC02-4152-B753-F673039981B9} = {81E9AC8F-452A-41A8-A74A-C8D319D6AA1D}
		{A45CE140-929B-4F55-B4E2-3DD5B68347E6} = {81E9AC8F-452A-41A8-A74A-C8D319D6AA1D}
		{48CFC8FC-C8CF-45D7-956A-B36074C2D04B} = {81E9AC8F-452A-41A8-A74A-C8D319D6AA1D}
		{2900FFB0-E89C-40F6-BC58-0DD90605260C} = {A4A25CC2-61ED-47F0-B91C-9CB93D90D3CC}
		{9B07974D-6312-48EA-93E1-0A1DF896B46C} = {2900FFB0-E89C-40F6-BC58-0DD90605260C}
	EndGlobalSection
	GlobalSection(ExtensibilityGlobals) = postSolution
		SolutionGuid = {AF888DCC-71E7-4562-AA35-5B93FD8DD252}
	EndGlobalSection
EndGlobal
