
Microsoft Visual Studio Solution File, Format Version 12.00
# Visual Studio Version 17
VisualStudioVersion = 17.0.31903.59
MinimumVisualStudioVersion = 10.0.40219.1
Project("{2150E333-8FDC-42A3-9474-1A3956D46DE8}") = "test", "test", "{A7503D75-64C3-4AAC-90C8-F6297B09AB70}"
EndProject
Project("{9A19103F-16F7-4668-BE54-9A1E7A4F7556}") = "Tethos.Moq", "src\Tethos.Moq\Tethos.Moq.csproj", "{5999CB86-4287-4ABE-BF37-895DC8ECA550}"
EndProject
Project("{9A19103F-16F7-4668-BE54-9A1E7A4F7556}") = "Tethos.Moq.Tests", "test\Tethos.Moq.Tests\Tethos.Moq.Tests.csproj", "{0377D2FC-16B4-40EF-BE27-8409F43E5052}"
EndProject
Project("{2150E333-8FDC-42A3-9474-1A3956D46DE8}") = "Fakes", "Fakes", "{B7C534E1-2D8F-408D-9739-DE6CD4F0A731}"
EndProject
Project("{9A19103F-16F7-4668-BE54-9A1E7A4F7556}") = "Fake.Core21", "test\Fakes\Fake.Core21\Fake.Core21.csproj", "{7DC9F32B-DA96-474A-B8D3-3DC18B3BA5A5}"
EndProject
Project("{9A19103F-16F7-4668-BE54-9A1E7A4F7556}") = "Fake.Core22", "test\Fakes\Fake.Core22\Fake.Core22.csproj", "{6CD98C2B-1DFF-4207-AF34-1B91EB75382A}"
EndProject
Project("{9A19103F-16F7-4668-BE54-9A1E7A4F7556}") = "Fake.Core30", "test\Fakes\Fake.Core30\Fake.Core30.csproj", "{9D7828D6-AEAD-43F4-AFF1-1AF1A73B28FA}"
EndProject
Project("{9A19103F-16F7-4668-BE54-9A1E7A4F7556}") = "Fake.Core31", "test\Fakes\Fake.Core31\Fake.Core31.csproj", "{48BC3E50-65D5-4007-B60B-7D023C7DA7B5}"
EndProject
Project("{9A19103F-16F7-4668-BE54-9A1E7A4F7556}") = "Fake.Framework461", "test\Fakes\Fake.Framework461\Fake.Framework461.csproj", "{870361A3-C572-42F7-A9DE-9542433195CE}"
EndProject
Project("{9A19103F-16F7-4668-BE54-9A1E7A4F7556}") = "Fake.Framework472", "test\Fakes\Fake.Framework472\Fake.Framework472.csproj", "{6D21B3EB-C141-49F1-869D-3A5CD03CA51C}"
EndProject
Project("{9A19103F-16F7-4668-BE54-9A1E7A4F7556}") = "Fake.Standard20", "test\Fakes\Fake.Standard20\Fake.Standard20.csproj", "{2282B013-E9F3-4DD6-991E-901842343F11}"
EndProject
Project("{9A19103F-16F7-4668-BE54-9A1E7A4F7556}") = "Fake.Standard21", "test\Fakes\Fake.Standard21\Fake.Standard21.csproj", "{AEDD8DEE-6F41-4498-8A3E-D1E03D1AB0EB}"
EndProject
Project("{2150E333-8FDC-42A3-9474-1A3956D46DE8}") = "img", "img", "{EB2794A8-7985-4585-B467-234351FDA055}"
	ProjectSection(SolutionItems) = preProject
		img\logo.png = img\logo.png
	EndProjectSection
EndProject
Project("{9A19103F-16F7-4668-BE54-9A1E7A4F7556}") = "Tethos", "src\Tethos\Tethos.csproj", "{37AFC534-4ACC-4378-A605-92972151B8EA}"
EndProject
Project("{9A19103F-16F7-4668-BE54-9A1E7A4F7556}") = "Tethos.Tests", "test\Tethos.Tests\Tethos.Tests.csproj", "{1056A2CC-5AA0-4992-9D59-EC85BE58DEC5}"
EndProject
Project("{9A19103F-16F7-4668-BE54-9A1E7A4F7556}") = "Tethos.Tests.Common", "test\Tethos.Tests.Common\Tethos.Tests.Common.csproj", "{CF10736C-D96F-4658-AD14-B76CE563FC5E}"
EndProject
Project("{9A19103F-16F7-4668-BE54-9A1E7A4F7556}") = "Fake.Net50", "test\Fakes\Fake.Net50\Fake.Net50.csproj", "{DFE8C150-4121-4F43-9086-BC8977A4E788}"
EndProject
Project("{2150E333-8FDC-42A3-9474-1A3956D46DE8}") = "demo", "demo", "{D99B762A-D2FA-4094-8E91-65E096FB9145}"
EndProject
Project("{2150E333-8FDC-42A3-9474-1A3956D46DE8}") = ".github", ".github", "{8DDA643A-1839-4470-A593-5EE9507FB294}"
	ProjectSection(SolutionItems) = preProject
		.github\.codecov.yml = .github\.codecov.yml
		.github\config.yml = .github\config.yml
		.github\dependabot.yml = .github\dependabot.yml
	EndProjectSection
EndProject
Project("{2150E333-8FDC-42A3-9474-1A3956D46DE8}") = "workflows", "workflows", "{A4A25CC2-61ED-47F0-B91C-9CB93D90D3CC}"
	ProjectSection(SolutionItems) = preProject
		.github\workflows\ci.yml = .github\workflows\ci.yml
		.github\workflows\codeql-analysis.yml = .github\workflows\codeql-analysis.yml
		.github\workflows\nuget.yml = .github\workflows\nuget.yml
		.github\workflows\performance-results.yml = .github\workflows\performance-results.yml
		.github\workflows\performance.yml = .github\workflows\performance.yml
		.github\workflows\test-report.yml = .github\workflows\test-report.yml
	EndProjectSection
EndProject
Project("{2150E333-8FDC-42A3-9474-1A3956D46DE8}") = "docs", "docs", "{AF8AEBBB-412A-423A-8830-3190F48D959F}"
	ProjectSection(SolutionItems) = preProject
		LICENSE = LICENSE
		README.md = README.md
	EndProjectSection
EndProject
Project("{9A19103F-16F7-4668-BE54-9A1E7A4F7556}") = "Tethos.FakeItEasy", "src\Tethos.FakeItEasy\Tethos.FakeItEasy.csproj", "{B4CDDF27-659D-4F1B-9BBC-1C5C9CB2C878}"
EndProject
Project("{9A19103F-16F7-4668-BE54-9A1E7A4F7556}") = "Tethos.FakeItEasy.Tests", "test\Tethos.FakeItEasy.Tests\Tethos.FakeItEasy.Tests.csproj", "{BCC43AC6-33E0-4C84-8B60-B3DD2B009730}"
EndProject
Project("{2150E333-8FDC-42A3-9474-1A3956D46DE8}") = "FakeItEasy", "FakeItEasy", "{0989ED99-124E-4B9D-9C22-3C9FAA0CD3CA}"
EndProject
Project("{2150E333-8FDC-42A3-9474-1A3956D46DE8}") = "Moq", "Moq", "{27ACFD1D-C151-4377-88B7-01E466C7CFA3}"
EndProject
Project("{9A19103F-16F7-4668-BE54-9A1E7A4F7556}") = "Tethos.MSTest.Demo", "demo\Moq\Tethos.MSTest.Demo\Tethos.MSTest.Demo.csproj", "{EE0E53F1-97DF-4B71-8B27-2A76E17C48B4}"
EndProject
Project("{9A19103F-16F7-4668-BE54-9A1E7A4F7556}") = "Tethos.NUnit.Demo", "demo\Moq\Tethos.NUnit.Demo\Tethos.NUnit.Demo.csproj", "{7D951BE7-489A-4A7D-A171-0D312FC5D46F}"
EndProject
Project("{9A19103F-16F7-4668-BE54-9A1E7A4F7556}") = "Tethos.MSTest.Demo", "demo\FakeItEasy\Tethos.MSTest.Demo\Tethos.MSTest.Demo.csproj", "{F9797B11-0F5A-43DD-B3FA-3BBA9061682E}"
EndProject
Project("{9A19103F-16F7-4668-BE54-9A1E7A4F7556}") = "Tethos.NUnit.Demo", "demo\FakeItEasy\Tethos.NUnit.Demo\Tethos.NUnit.Demo.csproj", "{F48A0E60-D3FA-4280-B9B5-01E20F9011DC}"
EndProject
Project("{9A19103F-16F7-4668-BE54-9A1E7A4F7556}") = "Tethos.NSubstitute", "src\Tethos.NSubstitute\Tethos.NSubstitute.csproj", "{75CCFEB6-E4E5-44D1-8F9F-0D64E88E22BA}"
EndProject
Project("{9A19103F-16F7-4668-BE54-9A1E7A4F7556}") = "Tethos.NSubstitute.Tests", "test\Tethos.NSubstitute.Tests\Tethos.NSubstitute.Tests.csproj", "{44AD6334-B809-4E1F-A763-1C89C8BB44D1}"
EndProject
Project("{2150E333-8FDC-42A3-9474-1A3956D46DE8}") = "NSubstitute", "NSubstitute", "{0447E3FF-FB0B-4D55-9C9C-277E950BB886}"
EndProject
Project("{9A19103F-16F7-4668-BE54-9A1E7A4F7556}") = "Tethos.MSTest.Demo", "demo\NSubstitute\Tethos.MSTest.Demo\Tethos.MSTest.Demo.csproj", "{1A338F36-D517-4F5E-94D9-CED79681953C}"
EndProject
Project("{9A19103F-16F7-4668-BE54-9A1E7A4F7556}") = "Tethos.NUnit.Demo", "demo\NSubstitute\Tethos.NUnit.Demo\Tethos.NUnit.Demo.csproj", "{C5FA32C9-46E9-4ACE-95CD-597B8151542A}"
EndProject
Project("{9A19103F-16F7-4668-BE54-9A1E7A4F7556}") = "ReferencedAssemblies.Tests", "test\ReferencedAssemblies.Tests\ReferencedAssemblies.Tests.csproj", "{E8911617-3F58-465B-9F07-6B044880CD69}"
EndProject
Project("{9A19103F-16F7-4668-BE54-9A1E7A4F7556}") = "Fake.Net60", "test\Fakes\Fake.Net60\Fake.Net60.csproj", "{94561329-A126-4437-961B-57C5B1B25655}"
EndProject
Project("{2150E333-8FDC-42A3-9474-1A3956D46DE8}") = "config", "config", "{1937FC5E-15AC-4DAB-ABBD-25B9F4C96AEA}"
	ProjectSection(SolutionItems) = preProject
		.editorconfig = .editorconfig
		.gitattributes = .gitattributes
		.gitignore = .gitignore
	EndProjectSection
EndProject
Project("{9A19103F-16F7-4668-BE54-9A1E7A4F7556}") = "Tethos.Xunit.Demo", "demo\FakeItEasy\Tethos.Xunit.Demo\Tethos.Xunit.Demo.csproj", "{E2DE0ADE-07F3-4D0E-B44B-32752A244CEA}"
EndProject
Project("{9A19103F-16F7-4668-BE54-9A1E7A4F7556}") = "Tethos.Xunit.Demo", "demo\Moq\Tethos.Xunit.Demo\Tethos.Xunit.Demo.csproj", "{1E4F3B2A-2A2C-4DD9-8434-4032517D3438}"
EndProject
Project("{9A19103F-16F7-4668-BE54-9A1E7A4F7556}") = "Tethos.Xunit.Demo", "demo\NSubstitute\Tethos.Xunit.Demo\Tethos.Xunit.Demo.csproj", "{FC524F10-8764-405B-9C67-0C0D1C30FDD9}"
EndProject
Project("{9A19103F-16F7-4668-BE54-9A1E7A4F7556}") = "Tethos.Tests.Common.WeakNamed", "test\Tethos.Tests.Common.WeakNamed\Tethos.Tests.Common.WeakNamed.csproj", "{FF2FB364-07E7-479F-9E21-BCAF6D675619}"
EndProject
Project("{2150E333-8FDC-42A3-9474-1A3956D46DE8}") = "EndToEnd", "EndToEnd", "{4BF89BA3-A0B5-4B41-BAFD-A314192C196E}"
EndProject
Project("{2150E333-8FDC-42A3-9474-1A3956D46DE8}") = "Moq", "Moq", "{35A3B23B-575C-42A8-97DC-6130C4E50A97}"
EndProject
Project("{2150E333-8FDC-42A3-9474-1A3956D46DE8}") = "FakeItEasy", "FakeItEasy", "{B71B0355-3D4E-42A9-BCB8-B0FB5848CCDD}"
EndProject
Project("{2150E333-8FDC-42A3-9474-1A3956D46DE8}") = "NSubstitute", "NSubstitute", "{32B35B48-9940-4998-8D82-2102DA209411}"
EndProject
Project("{9A19103F-16F7-4668-BE54-9A1E7A4F7556}") = "Tethos.FakeItEasy.Xunit.EndToEnd", "test\EndToEnd\FakeItEasy\Tethos.FakeItEasy.Xunit.EndToEnd\Tethos.FakeItEasy.Xunit.EndToEnd.csproj", "{300C0708-DD7D-4E1A-827B-BBB43B08935D}"
EndProject
Project("{9A19103F-16F7-4668-BE54-9A1E7A4F7556}") = "Tethos.Moq.Xunit.EndToEnd", "test\EndToEnd\Moq\Tethos.Moq.Xunit.EndToEnd\Tethos.Moq.Xunit.EndToEnd.csproj", "{235DF46D-51AB-4E14-B1AE-38E2BAE8E4CD}"
EndProject
Project("{9A19103F-16F7-4668-BE54-9A1E7A4F7556}") = "Tethos.NSubstitute.Xunit.EndToEnd", "test\EndToEnd\NSubstitute\Tethos.NSubstitute.Xunit.EndToEnd\Tethos.NSubstitute.Xunit.EndToEnd.csproj", "{1AE2CF85-6686-4385-82EC-094ABF21F4B6}"
EndProject
Project("{9A19103F-16F7-4668-BE54-9A1E7A4F7556}") = "Tethos.FakeItEasy.NUnit.EndToEnd", "test\EndToEnd\FakeItEasy\Tethos.FakeItEasy.NUnit.EndToEnd\Tethos.FakeItEasy.NUnit.EndToEnd.csproj", "{925F2C8C-EDC4-4E19-B666-C494939313AF}"
EndProject
Project("{9A19103F-16F7-4668-BE54-9A1E7A4F7556}") = "Tethos.Moq.NUnit.EndToEnd", "test\EndToEnd\Moq\Tethos.Moq.NUnit.EndToEnd\Tethos.Moq.NUnit.EndToEnd.csproj", "{72E89CCE-AB01-482F-8F62-071008D9AA21}"
EndProject
Project("{9A19103F-16F7-4668-BE54-9A1E7A4F7556}") = "Tethos.NSubstitute.NUnit.EndToEnd", "test\EndToEnd\NSubstitute\Tethos.NSubstitute.NUnit.EndToEnd\Tethos.NSubstitute.NUnit.EndToEnd.csproj", "{9E4897F0-A1BC-4759-8AAE-9007302F84A6}"
EndProject
Project("{9A19103F-16F7-4668-BE54-9A1E7A4F7556}") = "Tethos.FakeItEasy.MSTest.EndToEnd", "test\EndToEnd\FakeItEasy\Tethos.FakeItEasy.MSTest.EndToEnd\Tethos.FakeItEasy.MSTest.EndToEnd.csproj", "{B8145CC8-CE67-49D0-A535-7DDED68CFBD0}"
EndProject
Project("{9A19103F-16F7-4668-BE54-9A1E7A4F7556}") = "Tethos.Moq.MSTest.EndToEnd", "test\EndToEnd\Moq\Tethos.Moq.MSTest.EndToEnd\Tethos.Moq.MSTest.EndToEnd.csproj", "{446D0392-D776-413E-AE79-D5E0BAEB41F0}"
EndProject
Project("{9A19103F-16F7-4668-BE54-9A1E7A4F7556}") = "Tethos.NSubstitute.MSTest.EndToEnd", "test\EndToEnd\NSubstitute\Tethos.NSubstitute.MSTest.EndToEnd\Tethos.NSubstitute.MSTest.EndToEnd.csproj", "{5105B798-9A3C-4039-B2FE-3E39CE553E27}"
EndProject
Project("{2150E333-8FDC-42A3-9474-1A3956D46DE8}") = "actions", "actions", "{E7A3947C-FB1E-423F-B1AA-F527B66BFF98}"
EndProject
Project("{2150E333-8FDC-42A3-9474-1A3956D46DE8}") = "spelling", "spelling", "{697534A2-7988-416B-AE04-B73CE2C8222B}"
	ProjectSection(SolutionItems) = preProject
		.github\actions\spelling\allow.txt = .github\actions\spelling\allow.txt
		.github\actions\spelling\excludes.txt = .github\actions\spelling\excludes.txt
		.github\actions\spelling\patterns.txt = .github\actions\spelling\patterns.txt
	EndProjectSection
EndProject
Project("{2150E333-8FDC-42A3-9474-1A3956D46DE8}") = "Performance", "Performance", "{6A2002AD-9FFA-434B-A7BE-DB1E41F4AFE0}"
EndProject
Project("{2150E333-8FDC-42A3-9474-1A3956D46DE8}") = "Moq", "Moq", "{1A1E5468-B2E3-4781-87A7-444020461FBC}"
EndProject
Project("{2150E333-8FDC-42A3-9474-1A3956D46DE8}") = "FakeItEasy", "FakeItEasy", "{6180FE0E-7A6A-4778-9FC8-6C422E6A91F5}"
EndProject
Project("{2150E333-8FDC-42A3-9474-1A3956D46DE8}") = "NSubstitute", "NSubstitute", "{E80BF742-F5F3-4F0F-808F-714197D3A4A4}"
EndProject
Project("{9A19103F-16F7-4668-BE54-9A1E7A4F7556}") = "Tethos.NSubstitute.Tests.Benchmarks", "test\Performance\NSubstitute\Tethos.NSubstitute.Tests.Benchmarks\Tethos.NSubstitute.Tests.Benchmarks.csproj", "{8586A0E7-F314-4561-8B13-D9B9FF615F48}"
EndProject
Project("{9A19103F-16F7-4668-BE54-9A1E7A4F7556}") = "Tethos.Moq.Tests.Benchmarks", "test\Performance\Moq\Tethos.Moq.Tests.Benchmarks\Tethos.Moq.Tests.Benchmarks.csproj", "{7AA07285-287C-4AE6-B740-B3612DDC8373}"
EndProject
Project("{9A19103F-16F7-4668-BE54-9A1E7A4F7556}") = "Tethos.FakeItEasy.Tests.Benchmarks", "test\Performance\FakeItEasy\Tethos.FakeItEasy.Tests.Benchmarks\Tethos.FakeItEasy.Tests.Benchmarks.csproj", "{EDD446E3-330D-4B50-A950-7D5E0FF19BFA}"
EndProject
Global
	GlobalSection(SolutionConfigurationPlatforms) = preSolution
		Debug|Any CPU = Debug|Any CPU
		Release|Any CPU = Release|Any CPU
	EndGlobalSection
	GlobalSection(ProjectConfigurationPlatforms) = postSolution
		{5999CB86-4287-4ABE-BF37-895DC8ECA550}.Debug|Any CPU.ActiveCfg = Debug|Any CPU
		{5999CB86-4287-4ABE-BF37-895DC8ECA550}.Debug|Any CPU.Build.0 = Debug|Any CPU
		{5999CB86-4287-4ABE-BF37-895DC8ECA550}.Release|Any CPU.ActiveCfg = Release|Any CPU
		{5999CB86-4287-4ABE-BF37-895DC8ECA550}.Release|Any CPU.Build.0 = Release|Any CPU
		{0377D2FC-16B4-40EF-BE27-8409F43E5052}.Debug|Any CPU.ActiveCfg = Debug|Any CPU
		{0377D2FC-16B4-40EF-BE27-8409F43E5052}.Debug|Any CPU.Build.0 = Debug|Any CPU
		{0377D2FC-16B4-40EF-BE27-8409F43E5052}.Release|Any CPU.ActiveCfg = Release|Any CPU
		{0377D2FC-16B4-40EF-BE27-8409F43E5052}.Release|Any CPU.Build.0 = Release|Any CPU
		{7DC9F32B-DA96-474A-B8D3-3DC18B3BA5A5}.Debug|Any CPU.ActiveCfg = Debug|Any CPU
		{7DC9F32B-DA96-474A-B8D3-3DC18B3BA5A5}.Debug|Any CPU.Build.0 = Debug|Any CPU
		{7DC9F32B-DA96-474A-B8D3-3DC18B3BA5A5}.Release|Any CPU.ActiveCfg = Release|Any CPU
		{7DC9F32B-DA96-474A-B8D3-3DC18B3BA5A5}.Release|Any CPU.Build.0 = Release|Any CPU
		{6CD98C2B-1DFF-4207-AF34-1B91EB75382A}.Debug|Any CPU.ActiveCfg = Debug|Any CPU
		{6CD98C2B-1DFF-4207-AF34-1B91EB75382A}.Debug|Any CPU.Build.0 = Debug|Any CPU
		{6CD98C2B-1DFF-4207-AF34-1B91EB75382A}.Release|Any CPU.ActiveCfg = Release|Any CPU
		{6CD98C2B-1DFF-4207-AF34-1B91EB75382A}.Release|Any CPU.Build.0 = Release|Any CPU
		{9D7828D6-AEAD-43F4-AFF1-1AF1A73B28FA}.Debug|Any CPU.ActiveCfg = Debug|Any CPU
		{9D7828D6-AEAD-43F4-AFF1-1AF1A73B28FA}.Debug|Any CPU.Build.0 = Debug|Any CPU
		{9D7828D6-AEAD-43F4-AFF1-1AF1A73B28FA}.Release|Any CPU.ActiveCfg = Release|Any CPU
		{9D7828D6-AEAD-43F4-AFF1-1AF1A73B28FA}.Release|Any CPU.Build.0 = Release|Any CPU
		{48BC3E50-65D5-4007-B60B-7D023C7DA7B5}.Debug|Any CPU.ActiveCfg = Debug|Any CPU
		{48BC3E50-65D5-4007-B60B-7D023C7DA7B5}.Debug|Any CPU.Build.0 = Debug|Any CPU
		{48BC3E50-65D5-4007-B60B-7D023C7DA7B5}.Release|Any CPU.ActiveCfg = Release|Any CPU
		{48BC3E50-65D5-4007-B60B-7D023C7DA7B5}.Release|Any CPU.Build.0 = Release|Any CPU
		{870361A3-C572-42F7-A9DE-9542433195CE}.Debug|Any CPU.ActiveCfg = Debug|Any CPU
		{870361A3-C572-42F7-A9DE-9542433195CE}.Debug|Any CPU.Build.0 = Debug|Any CPU
		{870361A3-C572-42F7-A9DE-9542433195CE}.Release|Any CPU.ActiveCfg = Release|Any CPU
		{870361A3-C572-42F7-A9DE-9542433195CE}.Release|Any CPU.Build.0 = Release|Any CPU
		{6D21B3EB-C141-49F1-869D-3A5CD03CA51C}.Debug|Any CPU.ActiveCfg = Debug|Any CPU
		{6D21B3EB-C141-49F1-869D-3A5CD03CA51C}.Debug|Any CPU.Build.0 = Debug|Any CPU
		{6D21B3EB-C141-49F1-869D-3A5CD03CA51C}.Release|Any CPU.ActiveCfg = Release|Any CPU
		{6D21B3EB-C141-49F1-869D-3A5CD03CA51C}.Release|Any CPU.Build.0 = Release|Any CPU
		{2282B013-E9F3-4DD6-991E-901842343F11}.Debug|Any CPU.ActiveCfg = Debug|Any CPU
		{2282B013-E9F3-4DD6-991E-901842343F11}.Debug|Any CPU.Build.0 = Debug|Any CPU
		{2282B013-E9F3-4DD6-991E-901842343F11}.Release|Any CPU.ActiveCfg = Release|Any CPU
		{2282B013-E9F3-4DD6-991E-901842343F11}.Release|Any CPU.Build.0 = Release|Any CPU
		{AEDD8DEE-6F41-4498-8A3E-D1E03D1AB0EB}.Debug|Any CPU.ActiveCfg = Debug|Any CPU
		{AEDD8DEE-6F41-4498-8A3E-D1E03D1AB0EB}.Debug|Any CPU.Build.0 = Debug|Any CPU
		{AEDD8DEE-6F41-4498-8A3E-D1E03D1AB0EB}.Release|Any CPU.ActiveCfg = Release|Any CPU
		{AEDD8DEE-6F41-4498-8A3E-D1E03D1AB0EB}.Release|Any CPU.Build.0 = Release|Any CPU
		{37AFC534-4ACC-4378-A605-92972151B8EA}.Debug|Any CPU.ActiveCfg = Debug|Any CPU
		{37AFC534-4ACC-4378-A605-92972151B8EA}.Debug|Any CPU.Build.0 = Debug|Any CPU
		{37AFC534-4ACC-4378-A605-92972151B8EA}.Release|Any CPU.ActiveCfg = Release|Any CPU
		{37AFC534-4ACC-4378-A605-92972151B8EA}.Release|Any CPU.Build.0 = Release|Any CPU
		{1056A2CC-5AA0-4992-9D59-EC85BE58DEC5}.Debug|Any CPU.ActiveCfg = Debug|Any CPU
		{1056A2CC-5AA0-4992-9D59-EC85BE58DEC5}.Debug|Any CPU.Build.0 = Debug|Any CPU
		{1056A2CC-5AA0-4992-9D59-EC85BE58DEC5}.Release|Any CPU.ActiveCfg = Release|Any CPU
		{1056A2CC-5AA0-4992-9D59-EC85BE58DEC5}.Release|Any CPU.Build.0 = Release|Any CPU
		{CF10736C-D96F-4658-AD14-B76CE563FC5E}.Debug|Any CPU.ActiveCfg = Debug|Any CPU
		{CF10736C-D96F-4658-AD14-B76CE563FC5E}.Debug|Any CPU.Build.0 = Debug|Any CPU
		{CF10736C-D96F-4658-AD14-B76CE563FC5E}.Release|Any CPU.ActiveCfg = Release|Any CPU
		{CF10736C-D96F-4658-AD14-B76CE563FC5E}.Release|Any CPU.Build.0 = Release|Any CPU
		{DFE8C150-4121-4F43-9086-BC8977A4E788}.Debug|Any CPU.ActiveCfg = Debug|Any CPU
		{DFE8C150-4121-4F43-9086-BC8977A4E788}.Debug|Any CPU.Build.0 = Debug|Any CPU
		{DFE8C150-4121-4F43-9086-BC8977A4E788}.Release|Any CPU.ActiveCfg = Release|Any CPU
		{DFE8C150-4121-4F43-9086-BC8977A4E788}.Release|Any CPU.Build.0 = Release|Any CPU
		{B4CDDF27-659D-4F1B-9BBC-1C5C9CB2C878}.Debug|Any CPU.ActiveCfg = Debug|Any CPU
		{B4CDDF27-659D-4F1B-9BBC-1C5C9CB2C878}.Debug|Any CPU.Build.0 = Debug|Any CPU
		{B4CDDF27-659D-4F1B-9BBC-1C5C9CB2C878}.Release|Any CPU.ActiveCfg = Release|Any CPU
		{B4CDDF27-659D-4F1B-9BBC-1C5C9CB2C878}.Release|Any CPU.Build.0 = Release|Any CPU
		{BCC43AC6-33E0-4C84-8B60-B3DD2B009730}.Debug|Any CPU.ActiveCfg = Debug|Any CPU
		{BCC43AC6-33E0-4C84-8B60-B3DD2B009730}.Debug|Any CPU.Build.0 = Debug|Any CPU
		{BCC43AC6-33E0-4C84-8B60-B3DD2B009730}.Release|Any CPU.ActiveCfg = Release|Any CPU
		{BCC43AC6-33E0-4C84-8B60-B3DD2B009730}.Release|Any CPU.Build.0 = Release|Any CPU
		{EE0E53F1-97DF-4B71-8B27-2A76E17C48B4}.Debug|Any CPU.ActiveCfg = Debug|Any CPU
		{EE0E53F1-97DF-4B71-8B27-2A76E17C48B4}.Debug|Any CPU.Build.0 = Debug|Any CPU
		{EE0E53F1-97DF-4B71-8B27-2A76E17C48B4}.Release|Any CPU.ActiveCfg = Release|Any CPU
		{EE0E53F1-97DF-4B71-8B27-2A76E17C48B4}.Release|Any CPU.Build.0 = Release|Any CPU
		{7D951BE7-489A-4A7D-A171-0D312FC5D46F}.Debug|Any CPU.ActiveCfg = Debug|Any CPU
		{7D951BE7-489A-4A7D-A171-0D312FC5D46F}.Debug|Any CPU.Build.0 = Debug|Any CPU
		{7D951BE7-489A-4A7D-A171-0D312FC5D46F}.Release|Any CPU.ActiveCfg = Release|Any CPU
		{7D951BE7-489A-4A7D-A171-0D312FC5D46F}.Release|Any CPU.Build.0 = Release|Any CPU
		{F9797B11-0F5A-43DD-B3FA-3BBA9061682E}.Debug|Any CPU.ActiveCfg = Debug|Any CPU
		{F9797B11-0F5A-43DD-B3FA-3BBA9061682E}.Debug|Any CPU.Build.0 = Debug|Any CPU
		{F9797B11-0F5A-43DD-B3FA-3BBA9061682E}.Release|Any CPU.ActiveCfg = Release|Any CPU
		{F9797B11-0F5A-43DD-B3FA-3BBA9061682E}.Release|Any CPU.Build.0 = Release|Any CPU
		{F48A0E60-D3FA-4280-B9B5-01E20F9011DC}.Debug|Any CPU.ActiveCfg = Debug|Any CPU
		{F48A0E60-D3FA-4280-B9B5-01E20F9011DC}.Debug|Any CPU.Build.0 = Debug|Any CPU
		{F48A0E60-D3FA-4280-B9B5-01E20F9011DC}.Release|Any CPU.ActiveCfg = Release|Any CPU
		{F48A0E60-D3FA-4280-B9B5-01E20F9011DC}.Release|Any CPU.Build.0 = Release|Any CPU
		{75CCFEB6-E4E5-44D1-8F9F-0D64E88E22BA}.Debug|Any CPU.ActiveCfg = Debug|Any CPU
		{75CCFEB6-E4E5-44D1-8F9F-0D64E88E22BA}.Debug|Any CPU.Build.0 = Debug|Any CPU
		{75CCFEB6-E4E5-44D1-8F9F-0D64E88E22BA}.Release|Any CPU.ActiveCfg = Release|Any CPU
		{75CCFEB6-E4E5-44D1-8F9F-0D64E88E22BA}.Release|Any CPU.Build.0 = Release|Any CPU
		{44AD6334-B809-4E1F-A763-1C89C8BB44D1}.Debug|Any CPU.ActiveCfg = Debug|Any CPU
		{44AD6334-B809-4E1F-A763-1C89C8BB44D1}.Debug|Any CPU.Build.0 = Debug|Any CPU
		{44AD6334-B809-4E1F-A763-1C89C8BB44D1}.Release|Any CPU.ActiveCfg = Release|Any CPU
		{44AD6334-B809-4E1F-A763-1C89C8BB44D1}.Release|Any CPU.Build.0 = Release|Any CPU
		{1A338F36-D517-4F5E-94D9-CED79681953C}.Debug|Any CPU.ActiveCfg = Debug|Any CPU
		{1A338F36-D517-4F5E-94D9-CED79681953C}.Debug|Any CPU.Build.0 = Debug|Any CPU
		{1A338F36-D517-4F5E-94D9-CED79681953C}.Release|Any CPU.ActiveCfg = Release|Any CPU
		{1A338F36-D517-4F5E-94D9-CED79681953C}.Release|Any CPU.Build.0 = Release|Any CPU
		{C5FA32C9-46E9-4ACE-95CD-597B8151542A}.Debug|Any CPU.ActiveCfg = Debug|Any CPU
		{C5FA32C9-46E9-4ACE-95CD-597B8151542A}.Debug|Any CPU.Build.0 = Debug|Any CPU
		{C5FA32C9-46E9-4ACE-95CD-597B8151542A}.Release|Any CPU.ActiveCfg = Release|Any CPU
		{C5FA32C9-46E9-4ACE-95CD-597B8151542A}.Release|Any CPU.Build.0 = Release|Any CPU
		{E8911617-3F58-465B-9F07-6B044880CD69}.Debug|Any CPU.ActiveCfg = Debug|Any CPU
		{E8911617-3F58-465B-9F07-6B044880CD69}.Debug|Any CPU.Build.0 = Debug|Any CPU
		{E8911617-3F58-465B-9F07-6B044880CD69}.Release|Any CPU.ActiveCfg = Release|Any CPU
		{E8911617-3F58-465B-9F07-6B044880CD69}.Release|Any CPU.Build.0 = Release|Any CPU
		{94561329-A126-4437-961B-57C5B1B25655}.Debug|Any CPU.ActiveCfg = Debug|Any CPU
		{94561329-A126-4437-961B-57C5B1B25655}.Debug|Any CPU.Build.0 = Debug|Any CPU
		{94561329-A126-4437-961B-57C5B1B25655}.Release|Any CPU.ActiveCfg = Release|Any CPU
		{94561329-A126-4437-961B-57C5B1B25655}.Release|Any CPU.Build.0 = Release|Any CPU
		{E2DE0ADE-07F3-4D0E-B44B-32752A244CEA}.Debug|Any CPU.ActiveCfg = Debug|Any CPU
		{E2DE0ADE-07F3-4D0E-B44B-32752A244CEA}.Debug|Any CPU.Build.0 = Debug|Any CPU
		{E2DE0ADE-07F3-4D0E-B44B-32752A244CEA}.Release|Any CPU.ActiveCfg = Release|Any CPU
		{E2DE0ADE-07F3-4D0E-B44B-32752A244CEA}.Release|Any CPU.Build.0 = Release|Any CPU
		{1E4F3B2A-2A2C-4DD9-8434-4032517D3438}.Debug|Any CPU.ActiveCfg = Debug|Any CPU
		{1E4F3B2A-2A2C-4DD9-8434-4032517D3438}.Debug|Any CPU.Build.0 = Debug|Any CPU
		{1E4F3B2A-2A2C-4DD9-8434-4032517D3438}.Release|Any CPU.ActiveCfg = Release|Any CPU
		{1E4F3B2A-2A2C-4DD9-8434-4032517D3438}.Release|Any CPU.Build.0 = Release|Any CPU
		{FC524F10-8764-405B-9C67-0C0D1C30FDD9}.Debug|Any CPU.ActiveCfg = Debug|Any CPU
		{FC524F10-8764-405B-9C67-0C0D1C30FDD9}.Debug|Any CPU.Build.0 = Debug|Any CPU
		{FC524F10-8764-405B-9C67-0C0D1C30FDD9}.Release|Any CPU.ActiveCfg = Release|Any CPU
		{FC524F10-8764-405B-9C67-0C0D1C30FDD9}.Release|Any CPU.Build.0 = Release|Any CPU
		{FF2FB364-07E7-479F-9E21-BCAF6D675619}.Debug|Any CPU.ActiveCfg = Debug|Any CPU
		{FF2FB364-07E7-479F-9E21-BCAF6D675619}.Debug|Any CPU.Build.0 = Debug|Any CPU
		{FF2FB364-07E7-479F-9E21-BCAF6D675619}.Release|Any CPU.ActiveCfg = Release|Any CPU
		{FF2FB364-07E7-479F-9E21-BCAF6D675619}.Release|Any CPU.Build.0 = Release|Any CPU
		{300C0708-DD7D-4E1A-827B-BBB43B08935D}.Debug|Any CPU.ActiveCfg = Debug|Any CPU
		{300C0708-DD7D-4E1A-827B-BBB43B08935D}.Debug|Any CPU.Build.0 = Debug|Any CPU
		{300C0708-DD7D-4E1A-827B-BBB43B08935D}.Release|Any CPU.ActiveCfg = Release|Any CPU
		{300C0708-DD7D-4E1A-827B-BBB43B08935D}.Release|Any CPU.Build.0 = Release|Any CPU
		{235DF46D-51AB-4E14-B1AE-38E2BAE8E4CD}.Debug|Any CPU.ActiveCfg = Debug|Any CPU
		{235DF46D-51AB-4E14-B1AE-38E2BAE8E4CD}.Debug|Any CPU.Build.0 = Debug|Any CPU
		{235DF46D-51AB-4E14-B1AE-38E2BAE8E4CD}.Release|Any CPU.ActiveCfg = Release|Any CPU
		{235DF46D-51AB-4E14-B1AE-38E2BAE8E4CD}.Release|Any CPU.Build.0 = Release|Any CPU
		{1AE2CF85-6686-4385-82EC-094ABF21F4B6}.Debug|Any CPU.ActiveCfg = Debug|Any CPU
		{1AE2CF85-6686-4385-82EC-094ABF21F4B6}.Debug|Any CPU.Build.0 = Debug|Any CPU
		{1AE2CF85-6686-4385-82EC-094ABF21F4B6}.Release|Any CPU.ActiveCfg = Release|Any CPU
		{1AE2CF85-6686-4385-82EC-094ABF21F4B6}.Release|Any CPU.Build.0 = Release|Any CPU
		{925F2C8C-EDC4-4E19-B666-C494939313AF}.Debug|Any CPU.ActiveCfg = Debug|Any CPU
		{925F2C8C-EDC4-4E19-B666-C494939313AF}.Debug|Any CPU.Build.0 = Debug|Any CPU
		{925F2C8C-EDC4-4E19-B666-C494939313AF}.Release|Any CPU.ActiveCfg = Release|Any CPU
		{925F2C8C-EDC4-4E19-B666-C494939313AF}.Release|Any CPU.Build.0 = Release|Any CPU
		{72E89CCE-AB01-482F-8F62-071008D9AA21}.Debug|Any CPU.ActiveCfg = Debug|Any CPU
		{72E89CCE-AB01-482F-8F62-071008D9AA21}.Debug|Any CPU.Build.0 = Debug|Any CPU
		{72E89CCE-AB01-482F-8F62-071008D9AA21}.Release|Any CPU.ActiveCfg = Release|Any CPU
		{72E89CCE-AB01-482F-8F62-071008D9AA21}.Release|Any CPU.Build.0 = Release|Any CPU
		{9E4897F0-A1BC-4759-8AAE-9007302F84A6}.Debug|Any CPU.ActiveCfg = Debug|Any CPU
		{9E4897F0-A1BC-4759-8AAE-9007302F84A6}.Debug|Any CPU.Build.0 = Debug|Any CPU
		{9E4897F0-A1BC-4759-8AAE-9007302F84A6}.Release|Any CPU.ActiveCfg = Release|Any CPU
		{9E4897F0-A1BC-4759-8AAE-9007302F84A6}.Release|Any CPU.Build.0 = Release|Any CPU
		{B8145CC8-CE67-49D0-A535-7DDED68CFBD0}.Debug|Any CPU.ActiveCfg = Debug|Any CPU
		{B8145CC8-CE67-49D0-A535-7DDED68CFBD0}.Debug|Any CPU.Build.0 = Debug|Any CPU
		{B8145CC8-CE67-49D0-A535-7DDED68CFBD0}.Release|Any CPU.ActiveCfg = Release|Any CPU
		{B8145CC8-CE67-49D0-A535-7DDED68CFBD0}.Release|Any CPU.Build.0 = Release|Any CPU
		{446D0392-D776-413E-AE79-D5E0BAEB41F0}.Debug|Any CPU.ActiveCfg = Debug|Any CPU
		{446D0392-D776-413E-AE79-D5E0BAEB41F0}.Debug|Any CPU.Build.0 = Debug|Any CPU
		{446D0392-D776-413E-AE79-D5E0BAEB41F0}.Release|Any CPU.ActiveCfg = Release|Any CPU
		{446D0392-D776-413E-AE79-D5E0BAEB41F0}.Release|Any CPU.Build.0 = Release|Any CPU
		{5105B798-9A3C-4039-B2FE-3E39CE553E27}.Debug|Any CPU.ActiveCfg = Debug|Any CPU
		{5105B798-9A3C-4039-B2FE-3E39CE553E27}.Debug|Any CPU.Build.0 = Debug|Any CPU
		{5105B798-9A3C-4039-B2FE-3E39CE553E27}.Release|Any CPU.ActiveCfg = Release|Any CPU
		{5105B798-9A3C-4039-B2FE-3E39CE553E27}.Release|Any CPU.Build.0 = Release|Any CPU
		{8586A0E7-F314-4561-8B13-D9B9FF615F48}.Debug|Any CPU.ActiveCfg = Debug|Any CPU
		{8586A0E7-F314-4561-8B13-D9B9FF615F48}.Debug|Any CPU.Build.0 = Debug|Any CPU
		{8586A0E7-F314-4561-8B13-D9B9FF615F48}.Release|Any CPU.ActiveCfg = Release|Any CPU
		{8586A0E7-F314-4561-8B13-D9B9FF615F48}.Release|Any CPU.Build.0 = Release|Any CPU
		{7AA07285-287C-4AE6-B740-B3612DDC8373}.Debug|Any CPU.ActiveCfg = Debug|Any CPU
		{7AA07285-287C-4AE6-B740-B3612DDC8373}.Debug|Any CPU.Build.0 = Debug|Any CPU
		{7AA07285-287C-4AE6-B740-B3612DDC8373}.Release|Any CPU.ActiveCfg = Release|Any CPU
		{7AA07285-287C-4AE6-B740-B3612DDC8373}.Release|Any CPU.Build.0 = Release|Any CPU
		{EDD446E3-330D-4B50-A950-7D5E0FF19BFA}.Debug|Any CPU.ActiveCfg = Debug|Any CPU
		{EDD446E3-330D-4B50-A950-7D5E0FF19BFA}.Debug|Any CPU.Build.0 = Debug|Any CPU
		{EDD446E3-330D-4B50-A950-7D5E0FF19BFA}.Release|Any CPU.ActiveCfg = Release|Any CPU
		{EDD446E3-330D-4B50-A950-7D5E0FF19BFA}.Release|Any CPU.Build.0 = Release|Any CPU
	EndGlobalSection
	GlobalSection(SolutionProperties) = preSolution
		HideSolutionNode = FALSE
	EndGlobalSection
	GlobalSection(NestedProjects) = preSolution
		{0377D2FC-16B4-40EF-BE27-8409F43E5052} = {A7503D75-64C3-4AAC-90C8-F6297B09AB70}
		{B7C534E1-2D8F-408D-9739-DE6CD4F0A731} = {A7503D75-64C3-4AAC-90C8-F6297B09AB70}
		{7DC9F32B-DA96-474A-B8D3-3DC18B3BA5A5} = {B7C534E1-2D8F-408D-9739-DE6CD4F0A731}
		{6CD98C2B-1DFF-4207-AF34-1B91EB75382A} = {B7C534E1-2D8F-408D-9739-DE6CD4F0A731}
		{9D7828D6-AEAD-43F4-AFF1-1AF1A73B28FA} = {B7C534E1-2D8F-408D-9739-DE6CD4F0A731}
		{48BC3E50-65D5-4007-B60B-7D023C7DA7B5} = {B7C534E1-2D8F-408D-9739-DE6CD4F0A731}
		{870361A3-C572-42F7-A9DE-9542433195CE} = {B7C534E1-2D8F-408D-9739-DE6CD4F0A731}
		{6D21B3EB-C141-49F1-869D-3A5CD03CA51C} = {B7C534E1-2D8F-408D-9739-DE6CD4F0A731}
		{2282B013-E9F3-4DD6-991E-901842343F11} = {B7C534E1-2D8F-408D-9739-DE6CD4F0A731}
		{AEDD8DEE-6F41-4498-8A3E-D1E03D1AB0EB} = {B7C534E1-2D8F-408D-9739-DE6CD4F0A731}
		{1056A2CC-5AA0-4992-9D59-EC85BE58DEC5} = {A7503D75-64C3-4AAC-90C8-F6297B09AB70}
		{CF10736C-D96F-4658-AD14-B76CE563FC5E} = {A7503D75-64C3-4AAC-90C8-F6297B09AB70}
		{DFE8C150-4121-4F43-9086-BC8977A4E788} = {B7C534E1-2D8F-408D-9739-DE6CD4F0A731}
		{A4A25CC2-61ED-47F0-B91C-9CB93D90D3CC} = {8DDA643A-1839-4470-A593-5EE9507FB294}
		{BCC43AC6-33E0-4C84-8B60-B3DD2B009730} = {A7503D75-64C3-4AAC-90C8-F6297B09AB70}
		{0989ED99-124E-4B9D-9C22-3C9FAA0CD3CA} = {D99B762A-D2FA-4094-8E91-65E096FB9145}
		{27ACFD1D-C151-4377-88B7-01E466C7CFA3} = {D99B762A-D2FA-4094-8E91-65E096FB9145}
		{EE0E53F1-97DF-4B71-8B27-2A76E17C48B4} = {27ACFD1D-C151-4377-88B7-01E466C7CFA3}
		{7D951BE7-489A-4A7D-A171-0D312FC5D46F} = {27ACFD1D-C151-4377-88B7-01E466C7CFA3}
		{F9797B11-0F5A-43DD-B3FA-3BBA9061682E} = {0989ED99-124E-4B9D-9C22-3C9FAA0CD3CA}
		{F48A0E60-D3FA-4280-B9B5-01E20F9011DC} = {0989ED99-124E-4B9D-9C22-3C9FAA0CD3CA}
		{44AD6334-B809-4E1F-A763-1C89C8BB44D1} = {A7503D75-64C3-4AAC-90C8-F6297B09AB70}
		{0447E3FF-FB0B-4D55-9C9C-277E950BB886} = {D99B762A-D2FA-4094-8E91-65E096FB9145}
		{1A338F36-D517-4F5E-94D9-CED79681953C} = {0447E3FF-FB0B-4D55-9C9C-277E950BB886}
		{C5FA32C9-46E9-4ACE-95CD-597B8151542A} = {0447E3FF-FB0B-4D55-9C9C-277E950BB886}
		{E8911617-3F58-465B-9F07-6B044880CD69} = {A7503D75-64C3-4AAC-90C8-F6297B09AB70}
		{94561329-A126-4437-961B-57C5B1B25655} = {B7C534E1-2D8F-408D-9739-DE6CD4F0A731}
		{E2DE0ADE-07F3-4D0E-B44B-32752A244CEA} = {0989ED99-124E-4B9D-9C22-3C9FAA0CD3CA}
		{1E4F3B2A-2A2C-4DD9-8434-4032517D3438} = {27ACFD1D-C151-4377-88B7-01E466C7CFA3}
		{FC524F10-8764-405B-9C67-0C0D1C30FDD9} = {0447E3FF-FB0B-4D55-9C9C-277E950BB886}
		{FF2FB364-07E7-479F-9E21-BCAF6D675619} = {A7503D75-64C3-4AAC-90C8-F6297B09AB70}
		{4BF89BA3-A0B5-4B41-BAFD-A314192C196E} = {A7503D75-64C3-4AAC-90C8-F6297B09AB70}
		{35A3B23B-575C-42A8-97DC-6130C4E50A97} = {4BF89BA3-A0B5-4B41-BAFD-A314192C196E}
		{B71B0355-3D4E-42A9-BCB8-B0FB5848CCDD} = {4BF89BA3-A0B5-4B41-BAFD-A314192C196E}
		{32B35B48-9940-4998-8D82-2102DA209411} = {4BF89BA3-A0B5-4B41-BAFD-A314192C196E}
		{300C0708-DD7D-4E1A-827B-BBB43B08935D} = {B71B0355-3D4E-42A9-BCB8-B0FB5848CCDD}
		{235DF46D-51AB-4E14-B1AE-38E2BAE8E4CD} = {35A3B23B-575C-42A8-97DC-6130C4E50A97}
		{1AE2CF85-6686-4385-82EC-094ABF21F4B6} = {32B35B48-9940-4998-8D82-2102DA209411}
		{925F2C8C-EDC4-4E19-B666-C494939313AF} = {B71B0355-3D4E-42A9-BCB8-B0FB5848CCDD}
		{72E89CCE-AB01-482F-8F62-071008D9AA21} = {35A3B23B-575C-42A8-97DC-6130C4E50A97}
		{9E4897F0-A1BC-4759-8AAE-9007302F84A6} = {32B35B48-9940-4998-8D82-2102DA209411}
		{B8145CC8-CE67-49D0-A535-7DDED68CFBD0} = {B71B0355-3D4E-42A9-BCB8-B0FB5848CCDD}
		{446D0392-D776-413E-AE79-D5E0BAEB41F0} = {35A3B23B-575C-42A8-97DC-6130C4E50A97}
		{5105B798-9A3C-4039-B2FE-3E39CE553E27} = {32B35B48-9940-4998-8D82-2102DA209411}
		{E7A3947C-FB1E-423F-B1AA-F527B66BFF98} = {8DDA643A-1839-4470-A593-5EE9507FB294}
		{697534A2-7988-416B-AE04-B73CE2C8222B} = {E7A3947C-FB1E-423F-B1AA-F527B66BFF98}
		{6A2002AD-9FFA-434B-A7BE-DB1E41F4AFE0} = {A7503D75-64C3-4AAC-90C8-F6297B09AB70}
		{1A1E5468-B2E3-4781-87A7-444020461FBC} = {6A2002AD-9FFA-434B-A7BE-DB1E41F4AFE0}
		{6180FE0E-7A6A-4778-9FC8-6C422E6A91F5} = {6A2002AD-9FFA-434B-A7BE-DB1E41F4AFE0}
		{E80BF742-F5F3-4F0F-808F-714197D3A4A4} = {6A2002AD-9FFA-434B-A7BE-DB1E41F4AFE0}
		{8586A0E7-F314-4561-8B13-D9B9FF615F48} = {E80BF742-F5F3-4F0F-808F-714197D3A4A4}
		{7AA07285-287C-4AE6-B740-B3612DDC8373} = {1A1E5468-B2E3-4781-87A7-444020461FBC}
		{EDD446E3-330D-4B50-A950-7D5E0FF19BFA} = {6180FE0E-7A6A-4778-9FC8-6C422E6A91F5}
	EndGlobalSection
	GlobalSection(ExtensibilityGlobals) = postSolution
		SolutionGuid = {AF888DCC-71E7-4562-AA35-5B93FD8DD252}
	EndGlobalSection
EndGlobal
